
Microsoft Visual Studio Solution File, Format Version 12.00
# Visual Studio 15
VisualStudioVersion = 15.0.27130.2010
MinimumVisualStudioVersion = 10.0.40219.1
Project("{FAE04EC0-301F-11D3-BF4B-00C04F79EFBC}") = "cur15_Agenda.Android", "cur15_Agenda\cur15_Agenda.Android\cur15_Agenda.Android.csproj", "{BD5B8B36-F5F2-40F7-91C9-B6C740C49297}"
EndProject
Project("{FAE04EC0-301F-11D3-BF4B-00C04F79EFBC}") = "cur15_Agenda.iOS", "cur15_Agenda\cur15_Agenda.iOS\cur15_Agenda.iOS.csproj", "{F6E661C2-E6B0-4BFF-B42F-FE9939C4986A}"
EndProject
Project("{FAE04EC0-301F-11D3-BF4B-00C04F79EFBC}") = "cur15_Agenda.UWP", "cur15_Agenda\cur15_Agenda.UWP\cur15_Agenda.UWP.csproj", "{0B60D844-B717-474E-B22A-31B81CC913AE}"
EndProject
Project("{D954291E-2A0B-460D-934E-DC6B0785DB48}") = "cur15_Agenda", "cur15_Agenda\cur15_Agenda\cur15_Agenda.shproj", "{5546D4E5-B5C4-4589-BC8A-9810BE657FEC}"
EndProject
Global
	GlobalSection(SharedMSBuildProjectFiles) = preSolution
		cur15_Agenda\cur15_Agenda\cur15_Agenda.projitems*{0b60d844-b717-474e-b22a-31b81cc913ae}*SharedItemsImports = 4
		cur15_Agenda\cur15_Agenda\cur15_Agenda.projitems*{5546d4e5-b5c4-4589-bc8a-9810be657fec}*SharedItemsImports = 13
		cur15_Agenda\cur15_Agenda\cur15_Agenda.projitems*{bd5b8b36-f5f2-40f7-91c9-b6c740c49297}*SharedItemsImports = 4
		cur15_Agenda\cur15_Agenda\cur15_Agenda.projitems*{f6e661c2-e6b0-4bff-b42f-fe9939c4986a}*SharedItemsImports = 4
	EndGlobalSection
	GlobalSection(SolutionConfigurationPlatforms) = preSolution
		Ad-Hoc|Any CPU = Ad-Hoc|Any CPU
		Ad-Hoc|ARM = Ad-Hoc|ARM
		Ad-Hoc|iPhone = Ad-Hoc|iPhone
		Ad-Hoc|iPhoneSimulator = Ad-Hoc|iPhoneSimulator
		Ad-Hoc|x64 = Ad-Hoc|x64
		Ad-Hoc|x86 = Ad-Hoc|x86
		AppStore|Any CPU = AppStore|Any CPU
		AppStore|ARM = AppStore|ARM
		AppStore|iPhone = AppStore|iPhone
		AppStore|iPhoneSimulator = AppStore|iPhoneSimulator
		AppStore|x64 = AppStore|x64
		AppStore|x86 = AppStore|x86
		Debug|Any CPU = Debug|Any CPU
		Debug|ARM = Debug|ARM
		Debug|iPhone = Debug|iPhone
		Debug|iPhoneSimulator = Debug|iPhoneSimulator
		Debug|x64 = Debug|x64
		Debug|x86 = Debug|x86
		Release|Any CPU = Release|Any CPU
		Release|ARM = Release|ARM
		Release|iPhone = Release|iPhone
		Release|iPhoneSimulator = Release|iPhoneSimulator
		Release|x64 = Release|x64
		Release|x86 = Release|x86
	EndGlobalSection
	GlobalSection(ProjectConfigurationPlatforms) = postSolution
		{BD5B8B36-F5F2-40F7-91C9-B6C740C49297}.Ad-Hoc|Any CPU.ActiveCfg = Release|Any CPU
		{BD5B8B36-F5F2-40F7-91C9-B6C740C49297}.Ad-Hoc|Any CPU.Build.0 = Release|Any CPU
		{BD5B8B36-F5F2-40F7-91C9-B6C740C49297}.Ad-Hoc|Any CPU.Deploy.0 = Release|Any CPU
		{BD5B8B36-F5F2-40F7-91C9-B6C740C49297}.Ad-Hoc|ARM.ActiveCfg = Release|Any CPU
		{BD5B8B36-F5F2-40F7-91C9-B6C740C49297}.Ad-Hoc|ARM.Build.0 = Release|Any CPU
		{BD5B8B36-F5F2-40F7-91C9-B6C740C49297}.Ad-Hoc|ARM.Deploy.0 = Release|Any CPU
		{BD5B8B36-F5F2-40F7-91C9-B6C740C49297}.Ad-Hoc|iPhone.ActiveCfg = Release|Any CPU
		{BD5B8B36-F5F2-40F7-91C9-B6C740C49297}.Ad-Hoc|iPhone.Build.0 = Release|Any CPU
		{BD5B8B36-F5F2-40F7-91C9-B6C740C49297}.Ad-Hoc|iPhone.Deploy.0 = Release|Any CPU
		{BD5B8B36-F5F2-40F7-91C9-B6C740C49297}.Ad-Hoc|iPhoneSimulator.ActiveCfg = Release|Any CPU
		{BD5B8B36-F5F2-40F7-91C9-B6C740C49297}.Ad-Hoc|iPhoneSimulator.Build.0 = Release|Any CPU
		{BD5B8B36-F5F2-40F7-91C9-B6C740C49297}.Ad-Hoc|iPhoneSimulator.Deploy.0 = Release|Any CPU
		{BD5B8B36-F5F2-40F7-91C9-B6C740C49297}.Ad-Hoc|x64.ActiveCfg = Release|Any CPU
		{BD5B8B36-F5F2-40F7-91C9-B6C740C49297}.Ad-Hoc|x64.Build.0 = Release|Any CPU
		{BD5B8B36-F5F2-40F7-91C9-B6C740C49297}.Ad-Hoc|x64.Deploy.0 = Release|Any CPU
		{BD5B8B36-F5F2-40F7-91C9-B6C740C49297}.Ad-Hoc|x86.ActiveCfg = Release|Any CPU
		{BD5B8B36-F5F2-40F7-91C9-B6C740C49297}.Ad-Hoc|x86.Build.0 = Release|Any CPU
		{BD5B8B36-F5F2-40F7-91C9-B6C740C49297}.Ad-Hoc|x86.Deploy.0 = Release|Any CPU
		{BD5B8B36-F5F2-40F7-91C9-B6C740C49297}.AppStore|Any CPU.ActiveCfg = Release|Any CPU
		{BD5B8B36-F5F2-40F7-91C9-B6C740C49297}.AppStore|Any CPU.Build.0 = Release|Any CPU
		{BD5B8B36-F5F2-40F7-91C9-B6C740C49297}.AppStore|Any CPU.Deploy.0 = Release|Any CPU
		{BD5B8B36-F5F2-40F7-91C9-B6C740C49297}.AppStore|ARM.ActiveCfg = Release|Any CPU
		{BD5B8B36-F5F2-40F7-91C9-B6C740C49297}.AppStore|ARM.Build.0 = Release|Any CPU
		{BD5B8B36-F5F2-40F7-91C9-B6C740C49297}.AppStore|ARM.Deploy.0 = Release|Any CPU
		{BD5B8B36-F5F2-40F7-91C9-B6C740C49297}.AppStore|iPhone.ActiveCfg = Release|Any CPU
		{BD5B8B36-F5F2-40F7-91C9-B6C740C49297}.AppStore|iPhone.Build.0 = Release|Any CPU
		{BD5B8B36-F5F2-40F7-91C9-B6C740C49297}.AppStore|iPhone.Deploy.0 = Release|Any CPU
		{BD5B8B36-F5F2-40F7-91C9-B6C740C49297}.AppStore|iPhoneSimulator.ActiveCfg = Release|Any CPU
		{BD5B8B36-F5F2-40F7-91C9-B6C740C49297}.AppStore|iPhoneSimulator.Build.0 = Release|Any CPU
		{BD5B8B36-F5F2-40F7-91C9-B6C740C49297}.AppStore|iPhoneSimulator.Deploy.0 = Release|Any CPU
		{BD5B8B36-F5F2-40F7-91C9-B6C740C49297}.AppStore|x64.ActiveCfg = Release|Any CPU
		{BD5B8B36-F5F2-40F7-91C9-B6C740C49297}.AppStore|x64.Build.0 = Release|Any CPU
		{BD5B8B36-F5F2-40F7-91C9-B6C740C49297}.AppStore|x64.Deploy.0 = Release|Any CPU
		{BD5B8B36-F5F2-40F7-91C9-B6C740C49297}.AppStore|x86.ActiveCfg = Release|Any CPU
		{BD5B8B36-F5F2-40F7-91C9-B6C740C49297}.AppStore|x86.Build.0 = Release|Any CPU
		{BD5B8B36-F5F2-40F7-91C9-B6C740C49297}.AppStore|x86.Deploy.0 = Release|Any CPU
		{BD5B8B36-F5F2-40F7-91C9-B6C740C49297}.Debug|Any CPU.ActiveCfg = Debug|Any CPU
		{BD5B8B36-F5F2-40F7-91C9-B6C740C49297}.Debug|Any CPU.Build.0 = Debug|Any CPU
		{BD5B8B36-F5F2-40F7-91C9-B6C740C49297}.Debug|Any CPU.Deploy.0 = Debug|Any CPU
		{BD5B8B36-F5F2-40F7-91C9-B6C740C49297}.Debug|ARM.ActiveCfg = Debug|Any CPU
		{BD5B8B36-F5F2-40F7-91C9-B6C740C49297}.Debug|ARM.Build.0 = Debug|Any CPU
		{BD5B8B36-F5F2-40F7-91C9-B6C740C49297}.Debug|ARM.Deploy.0 = Debug|Any CPU
		{BD5B8B36-F5F2-40F7-91C9-B6C740C49297}.Debug|iPhone.ActiveCfg = Debug|Any CPU
		{BD5B8B36-F5F2-40F7-91C9-B6C740C49297}.Debug|iPhone.Build.0 = Debug|Any CPU
		{BD5B8B36-F5F2-40F7-91C9-B6C740C49297}.Debug|iPhone.Deploy.0 = Debug|Any CPU
		{BD5B8B36-F5F2-40F7-91C9-B6C740C49297}.Debug|iPhoneSimulator.ActiveCfg = Debug|Any CPU
		{BD5B8B36-F5F2-40F7-91C9-B6C740C49297}.Debug|iPhoneSimulator.Build.0 = Debug|Any CPU
		{BD5B8B36-F5F2-40F7-91C9-B6C740C49297}.Debug|iPhoneSimulator.Deploy.0 = Debug|Any CPU
		{BD5B8B36-F5F2-40F7-91C9-B6C740C49297}.Debug|x64.ActiveCfg = Debug|Any CPU
		{BD5B8B36-F5F2-40F7-91C9-B6C740C49297}.Debug|x64.Build.0 = Debug|Any CPU
		{BD5B8B36-F5F2-40F7-91C9-B6C740C49297}.Debug|x64.Deploy.0 = Debug|Any CPU
		{BD5B8B36-F5F2-40F7-91C9-B6C740C49297}.Debug|x86.ActiveCfg = Debug|Any CPU
		{BD5B8B36-F5F2-40F7-91C9-B6C740C49297}.Debug|x86.Build.0 = Debug|Any CPU
		{BD5B8B36-F5F2-40F7-91C9-B6C740C49297}.Debug|x86.Deploy.0 = Debug|Any CPU
		{BD5B8B36-F5F2-40F7-91C9-B6C740C49297}.Release|Any CPU.ActiveCfg = Release|Any CPU
		{BD5B8B36-F5F2-40F7-91C9-B6C740C49297}.Release|Any CPU.Build.0 = Release|Any CPU
		{BD5B8B36-F5F2-40F7-91C9-B6C740C49297}.Release|Any CPU.Deploy.0 = Release|Any CPU
		{BD5B8B36-F5F2-40F7-91C9-B6C740C49297}.Release|ARM.ActiveCfg = Release|Any CPU
		{BD5B8B36-F5F2-40F7-91C9-B6C740C49297}.Release|ARM.Build.0 = Release|Any CPU
		{BD5B8B36-F5F2-40F7-91C9-B6C740C49297}.Release|ARM.Deploy.0 = Release|Any CPU
		{BD5B8B36-F5F2-40F7-91C9-B6C740C49297}.Release|iPhone.ActiveCfg = Release|Any CPU
		{BD5B8B36-F5F2-40F7-91C9-B6C740C49297}.Release|iPhone.Build.0 = Release|Any CPU
		{BD5B8B36-F5F2-40F7-91C9-B6C740C49297}.Release|iPhone.Deploy.0 = Release|Any CPU
		{BD5B8B36-F5F2-40F7-91C9-B6C740C49297}.Release|iPhoneSimulator.ActiveCfg = Release|Any CPU
		{BD5B8B36-F5F2-40F7-91C9-B6C740C49297}.Release|iPhoneSimulator.Build.0 = Release|Any CPU
		{BD5B8B36-F5F2-40F7-91C9-B6C740C49297}.Release|iPhoneSimulator.Deploy.0 = Release|Any CPU
		{BD5B8B36-F5F2-40F7-91C9-B6C740C49297}.Release|x64.ActiveCfg = Release|Any CPU
		{BD5B8B36-F5F2-40F7-91C9-B6C740C49297}.Release|x64.Build.0 = Release|Any CPU
		{BD5B8B36-F5F2-40F7-91C9-B6C740C49297}.Release|x64.Deploy.0 = Release|Any CPU
		{BD5B8B36-F5F2-40F7-91C9-B6C740C49297}.Release|x86.ActiveCfg = Release|Any CPU
		{BD5B8B36-F5F2-40F7-91C9-B6C740C49297}.Release|x86.Build.0 = Release|Any CPU
		{BD5B8B36-F5F2-40F7-91C9-B6C740C49297}.Release|x86.Deploy.0 = Release|Any CPU
		{F6E661C2-E6B0-4BFF-B42F-FE9939C4986A}.Ad-Hoc|Any CPU.ActiveCfg = Ad-Hoc|iPhone
		{F6E661C2-E6B0-4BFF-B42F-FE9939C4986A}.Ad-Hoc|ARM.ActiveCfg = Ad-Hoc|iPhone
		{F6E661C2-E6B0-4BFF-B42F-FE9939C4986A}.Ad-Hoc|iPhone.ActiveCfg = Ad-Hoc|iPhone
		{F6E661C2-E6B0-4BFF-B42F-FE9939C4986A}.Ad-Hoc|iPhone.Build.0 = Ad-Hoc|iPhone
		{F6E661C2-E6B0-4BFF-B42F-FE9939C4986A}.Ad-Hoc|iPhoneSimulator.ActiveCfg = Ad-Hoc|iPhoneSimulator
		{F6E661C2-E6B0-4BFF-B42F-FE9939C4986A}.Ad-Hoc|iPhoneSimulator.Build.0 = Ad-Hoc|iPhoneSimulator
		{F6E661C2-E6B0-4BFF-B42F-FE9939C4986A}.Ad-Hoc|x64.ActiveCfg = Ad-Hoc|iPhone
		{F6E661C2-E6B0-4BFF-B42F-FE9939C4986A}.Ad-Hoc|x86.ActiveCfg = Ad-Hoc|iPhone
		{F6E661C2-E6B0-4BFF-B42F-FE9939C4986A}.AppStore|Any CPU.ActiveCfg = AppStore|iPhone
		{F6E661C2-E6B0-4BFF-B42F-FE9939C4986A}.AppStore|ARM.ActiveCfg = AppStore|iPhone
		{F6E661C2-E6B0-4BFF-B42F-FE9939C4986A}.AppStore|iPhone.ActiveCfg = AppStore|iPhone
		{F6E661C2-E6B0-4BFF-B42F-FE9939C4986A}.AppStore|iPhone.Build.0 = AppStore|iPhone
		{F6E661C2-E6B0-4BFF-B42F-FE9939C4986A}.AppStore|iPhoneSimulator.ActiveCfg = AppStore|iPhoneSimulator
		{F6E661C2-E6B0-4BFF-B42F-FE9939C4986A}.AppStore|iPhoneSimulator.Build.0 = AppStore|iPhoneSimulator
		{F6E661C2-E6B0-4BFF-B42F-FE9939C4986A}.AppStore|x64.ActiveCfg = AppStore|iPhone
		{F6E661C2-E6B0-4BFF-B42F-FE9939C4986A}.AppStore|x86.ActiveCfg = AppStore|iPhone
		{F6E661C2-E6B0-4BFF-B42F-FE9939C4986A}.Debug|Any CPU.ActiveCfg = Debug|iPhone
		{F6E661C2-E6B0-4BFF-B42F-FE9939C4986A}.Debug|ARM.ActiveCfg = Debug|iPhone
		{F6E661C2-E6B0-4BFF-B42F-FE9939C4986A}.Debug|iPhone.ActiveCfg = Debug|iPhone
		{F6E661C2-E6B0-4BFF-B42F-FE9939C4986A}.Debug|iPhone.Build.0 = Debug|iPhone
		{F6E661C2-E6B0-4BFF-B42F-FE9939C4986A}.Debug|iPhoneSimulator.ActiveCfg = Debug|iPhoneSimulator
		{F6E661C2-E6B0-4BFF-B42F-FE9939C4986A}.Debug|iPhoneSimulator.Build.0 = Debug|iPhoneSimulator
		{F6E661C2-E6B0-4BFF-B42F-FE9939C4986A}.Debug|x64.ActiveCfg = Debug|iPhone
		{F6E661C2-E6B0-4BFF-B42F-FE9939C4986A}.Debug|x86.ActiveCfg = Debug|iPhone
		{F6E661C2-E6B0-4BFF-B42F-FE9939C4986A}.Release|Any CPU.ActiveCfg = Release|iPhone
		{F6E661C2-E6B0-4BFF-B42F-FE9939C4986A}.Release|ARM.ActiveCfg = Release|iPhone
		{F6E661C2-E6B0-4BFF-B42F-FE9939C4986A}.Release|iPhone.ActiveCfg = Release|iPhone
		{F6E661C2-E6B0-4BFF-B42F-FE9939C4986A}.Release|iPhone.Build.0 = Release|iPhone
		{F6E661C2-E6B0-4BFF-B42F-FE9939C4986A}.Release|iPhoneSimulator.ActiveCfg = Release|iPhoneSimulator
		{F6E661C2-E6B0-4BFF-B42F-FE9939C4986A}.Release|iPhoneSimulator.Build.0 = Release|iPhoneSimulator
		{F6E661C2-E6B0-4BFF-B42F-FE9939C4986A}.Release|x64.ActiveCfg = Release|iPhone
		{F6E661C2-E6B0-4BFF-B42F-FE9939C4986A}.Release|x86.ActiveCfg = Release|iPhone
		{0B60D844-B717-474E-B22A-31B81CC913AE}.Ad-Hoc|Any CPU.ActiveCfg = Release|x86
		{0B60D844-B717-474E-B22A-31B81CC913AE}.Ad-Hoc|Any CPU.Build.0 = Release|x86
		{0B60D844-B717-474E-B22A-31B81CC913AE}.Ad-Hoc|Any CPU.Deploy.0 = Release|x86
		{0B60D844-B717-474E-B22A-31B81CC913AE}.Ad-Hoc|ARM.ActiveCfg = Release|ARM
		{0B60D844-B717-474E-B22A-31B81CC913AE}.Ad-Hoc|ARM.Build.0 = Release|ARM
		{0B60D844-B717-474E-B22A-31B81CC913AE}.Ad-Hoc|ARM.Deploy.0 = Release|ARM
		{0B60D844-B717-474E-B22A-31B81CC913AE}.Ad-Hoc|iPhone.ActiveCfg = Release|x86
		{0B60D844-B717-474E-B22A-31B81CC913AE}.Ad-Hoc|iPhone.Build.0 = Release|x86
		{0B60D844-B717-474E-B22A-31B81CC913AE}.Ad-Hoc|iPhone.Deploy.0 = Release|x86
		{0B60D844-B717-474E-B22A-31B81CC913AE}.Ad-Hoc|iPhoneSimulator.ActiveCfg = Release|x86
		{0B60D844-B717-474E-B22A-31B81CC913AE}.Ad-Hoc|iPhoneSimulator.Build.0 = Release|x86
		{0B60D844-B717-474E-B22A-31B81CC913AE}.Ad-Hoc|iPhoneSimulator.Deploy.0 = Release|x86
		{0B60D844-B717-474E-B22A-31B81CC913AE}.Ad-Hoc|x64.ActiveCfg = Release|x64
		{0B60D844-B717-474E-B22A-31B81CC913AE}.Ad-Hoc|x64.Build.0 = Release|x64
		{0B60D844-B717-474E-B22A-31B81CC913AE}.Ad-Hoc|x64.Deploy.0 = Release|x64
		{0B60D844-B717-474E-B22A-31B81CC913AE}.Ad-Hoc|x86.ActiveCfg = Release|x86
		{0B60D844-B717-474E-B22A-31B81CC913AE}.Ad-Hoc|x86.Build.0 = Release|x86
		{0B60D844-B717-474E-B22A-31B81CC913AE}.Ad-Hoc|x86.Deploy.0 = Release|x86
		{0B60D844-B717-474E-B22A-31B81CC913AE}.AppStore|Any CPU.ActiveCfg = Release|x86
		{0B60D844-B717-474E-B22A-31B81CC913AE}.AppStore|Any CPU.Build.0 = Release|x86
		{0B60D844-B717-474E-B22A-31B81CC913AE}.AppStore|Any CPU.Deploy.0 = Release|x86
		{0B60D844-B717-474E-B22A-31B81CC913AE}.AppStore|ARM.ActiveCfg = Release|ARM
		{0B60D844-B717-474E-B22A-31B81CC913AE}.AppStore|ARM.Build.0 = Release|ARM
		{0B60D844-B717-474E-B22A-31B81CC913AE}.AppStore|ARM.Deploy.0 = Release|ARM
		{0B60D844-B717-474E-B22A-31B81CC913AE}.AppStore|iPhone.ActiveCfg = Release|x86
		{0B60D844-B717-474E-B22A-31B81CC913AE}.AppStore|iPhone.Build.0 = Release|x86
		{0B60D844-B717-474E-B22A-31B81CC913AE}.AppStore|iPhone.Deploy.0 = Release|x86
		{0B60D844-B717-474E-B22A-31B81CC913AE}.AppStore|iPhoneSimulator.ActiveCfg = Release|x86
		{0B60D844-B717-474E-B22A-31B81CC913AE}.AppStore|iPhoneSimulator.Build.0 = Release|x86
		{0B60D844-B717-474E-B22A-31B81CC913AE}.AppStore|iPhoneSimulator.Deploy.0 = Release|x86
		{0B60D844-B717-474E-B22A-31B81CC913AE}.AppStore|x64.ActiveCfg = Release|x64
		{0B60D844-B717-474E-B22A-31B81CC913AE}.AppStore|x64.Build.0 = Release|x64
		{0B60D844-B717-474E-B22A-31B81CC913AE}.AppStore|x64.Deploy.0 = Release|x64
		{0B60D844-B717-474E-B22A-31B81CC913AE}.AppStore|x86.ActiveCfg = Release|x86
		{0B60D844-B717-474E-B22A-31B81CC913AE}.AppStore|x86.Build.0 = Release|x86
		{0B60D844-B717-474E-B22A-31B81CC913AE}.AppStore|x86.Deploy.0 = Release|x86
		{0B60D844-B717-474E-B22A-31B81CC913AE}.Debug|Any CPU.ActiveCfg = Debug|x86
		{0B60D844-B717-474E-B22A-31B81CC913AE}.Debug|ARM.ActiveCfg = Debug|ARM
		{0B60D844-B717-474E-B22A-31B81CC913AE}.Debug|ARM.Build.0 = Debug|ARM
		{0B60D844-B717-474E-B22A-31B81CC913AE}.Debug|ARM.Deploy.0 = Debug|ARM
		{0B60D844-B717-474E-B22A-31B81CC913AE}.Debug|iPhone.ActiveCfg = Debug|x86
		{0B60D844-B717-474E-B22A-31B81CC913AE}.Debug|iPhoneSimulator.ActiveCfg = Debug|x86
		{0B60D844-B717-474E-B22A-31B81CC913AE}.Debug|x64.ActiveCfg = Debug|x64
		{0B60D844-B717-474E-B22A-31B81CC913AE}.Debug|x64.Build.0 = Debug|x64
		{0B60D844-B717-474E-B22A-31B81CC913AE}.Debug|x64.Deploy.0 = Debug|x64
		{0B60D844-B717-474E-B22A-31B81CC913AE}.Debug|x86.ActiveCfg = Debug|x86
		{0B60D844-B717-474E-B22A-31B81CC913AE}.Debug|x86.Build.0 = Debug|x86
		{0B60D844-B717-474E-B22A-31B81CC913AE}.Debug|x86.Deploy.0 = Debug|x86
		{0B60D844-B717-474E-B22A-31B81CC913AE}.Release|Any CPU.ActiveCfg = Release|x86
		{0B60D844-B717-474E-B22A-31B81CC913AE}.Release|ARM.ActiveCfg = Release|ARM
		{0B60D844-B717-474E-B22A-31B81CC913AE}.Release|ARM.Build.0 = Release|ARM
		{0B60D844-B717-474E-B22A-31B81CC913AE}.Release|ARM.Deploy.0 = Release|ARM
		{0B60D844-B717-474E-B22A-31B81CC913AE}.Release|iPhone.ActiveCfg = Release|x86
		{0B60D844-B717-474E-B22A-31B81CC913AE}.Release|iPhoneSimulator.ActiveCfg = Release|x86
		{0B60D844-B717-474E-B22A-31B81CC913AE}.Release|x64.ActiveCfg = Release|x64
		{0B60D844-B717-474E-B22A-31B81CC913AE}.Release|x64.Build.0 = Release|x64
		{0B60D844-B717-474E-B22A-31B81CC913AE}.Release|x64.Deploy.0 = Release|x64
		{0B60D844-B717-474E-B22A-31B81CC913AE}.Release|x86.ActiveCfg = Release|x86
		{0B60D844-B717-474E-B22A-31B81CC913AE}.Release|x86.Build.0 = Release|x86
		{0B60D844-B717-474E-B22A-31B81CC913AE}.Release|x86.Deploy.0 = Release|x86
	EndGlobalSection
	GlobalSection(SolutionProperties) = preSolution
		HideSolutionNode = FALSE
	EndGlobalSection
	GlobalSection(ExtensibilityGlobals) = postSolution
		SolutionGuid = {6981F950-8AE0-49B0-8BD4-0B481D15723A}
	EndGlobalSection
EndGlobal
