
Microsoft Visual Studio Solution File, Format Version 12.00
# Visual Studio 15
VisualStudioVersion = 15.0.27130.2010
MinimumVisualStudioVersion = 10.0.40219.1
Project("{FAE04EC0-301F-11D3-BF4B-00C04F79EFBC}") = "cur11_Listas.Android", "cur11_Listas\cur11_Listas.Android\cur11_Listas.Android.csproj", "{6ADF49E0-7227-468A-ABDC-18A738C16AFC}"
EndProject
Project("{FAE04EC0-301F-11D3-BF4B-00C04F79EFBC}") = "cur11_Listas.iOS", "cur11_Listas\cur11_Listas.iOS\cur11_Listas.iOS.csproj", "{4D3A7211-93CA-401C-984E-FC1E9715D2FE}"
EndProject
Project("{FAE04EC0-301F-11D3-BF4B-00C04F79EFBC}") = "cur11_Listas.UWP", "cur11_Listas\cur11_Listas.UWP\cur11_Listas.UWP.csproj", "{E9589281-E5BD-4E0C-94AA-9EA40D43586F}"
EndProject
Project("{D954291E-2A0B-460D-934E-DC6B0785DB48}") = "cur11_Listas", "cur11_Listas\cur11_Listas\cur11_Listas.shproj", "{8D62EA80-5DC6-420F-A54B-4073251D9064}"
EndProject
Global
	GlobalSection(SharedMSBuildProjectFiles) = preSolution
		cur11_Listas\cur11_Listas\cur11_Listas.projitems*{4d3a7211-93ca-401c-984e-fc1e9715d2fe}*SharedItemsImports = 4
		cur11_Listas\cur11_Listas\cur11_Listas.projitems*{6adf49e0-7227-468a-abdc-18a738c16afc}*SharedItemsImports = 4
		cur11_Listas\cur11_Listas\cur11_Listas.projitems*{8d62ea80-5dc6-420f-a54b-4073251d9064}*SharedItemsImports = 13
		cur11_Listas\cur11_Listas\cur11_Listas.projitems*{e9589281-e5bd-4e0c-94aa-9ea40d43586f}*SharedItemsImports = 4
	EndGlobalSection
	GlobalSection(SolutionConfigurationPlatforms) = preSolution
		Ad-Hoc|Any CPU = Ad-Hoc|Any CPU
		Ad-Hoc|ARM = Ad-Hoc|ARM
		Ad-Hoc|iPhone = Ad-Hoc|iPhone
		Ad-Hoc|iPhoneSimulator = Ad-Hoc|iPhoneSimulator
		Ad-Hoc|x64 = Ad-Hoc|x64
		Ad-Hoc|x86 = Ad-Hoc|x86
		AppStore|Any CPU = AppStore|Any CPU
		AppStore|ARM = AppStore|ARM
		AppStore|iPhone = AppStore|iPhone
		AppStore|iPhoneSimulator = AppStore|iPhoneSimulator
		AppStore|x64 = AppStore|x64
		AppStore|x86 = AppStore|x86
		Debug|Any CPU = Debug|Any CPU
		Debug|ARM = Debug|ARM
		Debug|iPhone = Debug|iPhone
		Debug|iPhoneSimulator = Debug|iPhoneSimulator
		Debug|x64 = Debug|x64
		Debug|x86 = Debug|x86
		Release|Any CPU = Release|Any CPU
		Release|ARM = Release|ARM
		Release|iPhone = Release|iPhone
		Release|iPhoneSimulator = Release|iPhoneSimulator
		Release|x64 = Release|x64
		Release|x86 = Release|x86
	EndGlobalSection
	GlobalSection(ProjectConfigurationPlatforms) = postSolution
		{6ADF49E0-7227-468A-ABDC-18A738C16AFC}.Ad-Hoc|Any CPU.ActiveCfg = Release|Any CPU
		{6ADF49E0-7227-468A-ABDC-18A738C16AFC}.Ad-Hoc|Any CPU.Build.0 = Release|Any CPU
		{6ADF49E0-7227-468A-ABDC-18A738C16AFC}.Ad-Hoc|Any CPU.Deploy.0 = Release|Any CPU
		{6ADF49E0-7227-468A-ABDC-18A738C16AFC}.Ad-Hoc|ARM.ActiveCfg = Release|Any CPU
		{6ADF49E0-7227-468A-ABDC-18A738C16AFC}.Ad-Hoc|ARM.Build.0 = Release|Any CPU
		{6ADF49E0-7227-468A-ABDC-18A738C16AFC}.Ad-Hoc|ARM.Deploy.0 = Release|Any CPU
		{6ADF49E0-7227-468A-ABDC-18A738C16AFC}.Ad-Hoc|iPhone.ActiveCfg = Release|Any CPU
		{6ADF49E0-7227-468A-ABDC-18A738C16AFC}.Ad-Hoc|iPhone.Build.0 = Release|Any CPU
		{6ADF49E0-7227-468A-ABDC-18A738C16AFC}.Ad-Hoc|iPhone.Deploy.0 = Release|Any CPU
		{6ADF49E0-7227-468A-ABDC-18A738C16AFC}.Ad-Hoc|iPhoneSimulator.ActiveCfg = Release|Any CPU
		{6ADF49E0-7227-468A-ABDC-18A738C16AFC}.Ad-Hoc|iPhoneSimulator.Build.0 = Release|Any CPU
		{6ADF49E0-7227-468A-ABDC-18A738C16AFC}.Ad-Hoc|iPhoneSimulator.Deploy.0 = Release|Any CPU
		{6ADF49E0-7227-468A-ABDC-18A738C16AFC}.Ad-Hoc|x64.ActiveCfg = Release|Any CPU
		{6ADF49E0-7227-468A-ABDC-18A738C16AFC}.Ad-Hoc|x64.Build.0 = Release|Any CPU
		{6ADF49E0-7227-468A-ABDC-18A738C16AFC}.Ad-Hoc|x64.Deploy.0 = Release|Any CPU
		{6ADF49E0-7227-468A-ABDC-18A738C16AFC}.Ad-Hoc|x86.ActiveCfg = Release|Any CPU
		{6ADF49E0-7227-468A-ABDC-18A738C16AFC}.Ad-Hoc|x86.Build.0 = Release|Any CPU
		{6ADF49E0-7227-468A-ABDC-18A738C16AFC}.Ad-Hoc|x86.Deploy.0 = Release|Any CPU
		{6ADF49E0-7227-468A-ABDC-18A738C16AFC}.AppStore|Any CPU.ActiveCfg = Release|Any CPU
		{6ADF49E0-7227-468A-ABDC-18A738C16AFC}.AppStore|Any CPU.Build.0 = Release|Any CPU
		{6ADF49E0-7227-468A-ABDC-18A738C16AFC}.AppStore|Any CPU.Deploy.0 = Release|Any CPU
		{6ADF49E0-7227-468A-ABDC-18A738C16AFC}.AppStore|ARM.ActiveCfg = Release|Any CPU
		{6ADF49E0-7227-468A-ABDC-18A738C16AFC}.AppStore|ARM.Build.0 = Release|Any CPU
		{6ADF49E0-7227-468A-ABDC-18A738C16AFC}.AppStore|ARM.Deploy.0 = Release|Any CPU
		{6ADF49E0-7227-468A-ABDC-18A738C16AFC}.AppStore|iPhone.ActiveCfg = Release|Any CPU
		{6ADF49E0-7227-468A-ABDC-18A738C16AFC}.AppStore|iPhone.Build.0 = Release|Any CPU
		{6ADF49E0-7227-468A-ABDC-18A738C16AFC}.AppStore|iPhone.Deploy.0 = Release|Any CPU
		{6ADF49E0-7227-468A-ABDC-18A738C16AFC}.AppStore|iPhoneSimulator.ActiveCfg = Release|Any CPU
		{6ADF49E0-7227-468A-ABDC-18A738C16AFC}.AppStore|iPhoneSimulator.Build.0 = Release|Any CPU
		{6ADF49E0-7227-468A-ABDC-18A738C16AFC}.AppStore|iPhoneSimulator.Deploy.0 = Release|Any CPU
		{6ADF49E0-7227-468A-ABDC-18A738C16AFC}.AppStore|x64.ActiveCfg = Release|Any CPU
		{6ADF49E0-7227-468A-ABDC-18A738C16AFC}.AppStore|x64.Build.0 = Release|Any CPU
		{6ADF49E0-7227-468A-ABDC-18A738C16AFC}.AppStore|x64.Deploy.0 = Release|Any CPU
		{6ADF49E0-7227-468A-ABDC-18A738C16AFC}.AppStore|x86.ActiveCfg = Release|Any CPU
		{6ADF49E0-7227-468A-ABDC-18A738C16AFC}.AppStore|x86.Build.0 = Release|Any CPU
		{6ADF49E0-7227-468A-ABDC-18A738C16AFC}.AppStore|x86.Deploy.0 = Release|Any CPU
		{6ADF49E0-7227-468A-ABDC-18A738C16AFC}.Debug|Any CPU.ActiveCfg = Debug|Any CPU
		{6ADF49E0-7227-468A-ABDC-18A738C16AFC}.Debug|Any CPU.Build.0 = Debug|Any CPU
		{6ADF49E0-7227-468A-ABDC-18A738C16AFC}.Debug|Any CPU.Deploy.0 = Debug|Any CPU
		{6ADF49E0-7227-468A-ABDC-18A738C16AFC}.Debug|ARM.ActiveCfg = Debug|Any CPU
		{6ADF49E0-7227-468A-ABDC-18A738C16AFC}.Debug|ARM.Build.0 = Debug|Any CPU
		{6ADF49E0-7227-468A-ABDC-18A738C16AFC}.Debug|ARM.Deploy.0 = Debug|Any CPU
		{6ADF49E0-7227-468A-ABDC-18A738C16AFC}.Debug|iPhone.ActiveCfg = Debug|Any CPU
		{6ADF49E0-7227-468A-ABDC-18A738C16AFC}.Debug|iPhone.Build.0 = Debug|Any CPU
		{6ADF49E0-7227-468A-ABDC-18A738C16AFC}.Debug|iPhone.Deploy.0 = Debug|Any CPU
		{6ADF49E0-7227-468A-ABDC-18A738C16AFC}.Debug|iPhoneSimulator.ActiveCfg = Debug|Any CPU
		{6ADF49E0-7227-468A-ABDC-18A738C16AFC}.Debug|iPhoneSimulator.Build.0 = Debug|Any CPU
		{6ADF49E0-7227-468A-ABDC-18A738C16AFC}.Debug|iPhoneSimulator.Deploy.0 = Debug|Any CPU
		{6ADF49E0-7227-468A-ABDC-18A738C16AFC}.Debug|x64.ActiveCfg = Debug|Any CPU
		{6ADF49E0-7227-468A-ABDC-18A738C16AFC}.Debug|x64.Build.0 = Debug|Any CPU
		{6ADF49E0-7227-468A-ABDC-18A738C16AFC}.Debug|x64.Deploy.0 = Debug|Any CPU
		{6ADF49E0-7227-468A-ABDC-18A738C16AFC}.Debug|x86.ActiveCfg = Debug|Any CPU
		{6ADF49E0-7227-468A-ABDC-18A738C16AFC}.Debug|x86.Build.0 = Debug|Any CPU
		{6ADF49E0-7227-468A-ABDC-18A738C16AFC}.Debug|x86.Deploy.0 = Debug|Any CPU
		{6ADF49E0-7227-468A-ABDC-18A738C16AFC}.Release|Any CPU.ActiveCfg = Release|Any CPU
		{6ADF49E0-7227-468A-ABDC-18A738C16AFC}.Release|Any CPU.Build.0 = Release|Any CPU
		{6ADF49E0-7227-468A-ABDC-18A738C16AFC}.Release|Any CPU.Deploy.0 = Release|Any CPU
		{6ADF49E0-7227-468A-ABDC-18A738C16AFC}.Release|ARM.ActiveCfg = Release|Any CPU
		{6ADF49E0-7227-468A-ABDC-18A738C16AFC}.Release|ARM.Build.0 = Release|Any CPU
		{6ADF49E0-7227-468A-ABDC-18A738C16AFC}.Release|ARM.Deploy.0 = Release|Any CPU
		{6ADF49E0-7227-468A-ABDC-18A738C16AFC}.Release|iPhone.ActiveCfg = Release|Any CPU
		{6ADF49E0-7227-468A-ABDC-18A738C16AFC}.Release|iPhone.Build.0 = Release|Any CPU
		{6ADF49E0-7227-468A-ABDC-18A738C16AFC}.Release|iPhone.Deploy.0 = Release|Any CPU
		{6ADF49E0-7227-468A-ABDC-18A738C16AFC}.Release|iPhoneSimulator.ActiveCfg = Release|Any CPU
		{6ADF49E0-7227-468A-ABDC-18A738C16AFC}.Release|iPhoneSimulator.Build.0 = Release|Any CPU
		{6ADF49E0-7227-468A-ABDC-18A738C16AFC}.Release|iPhoneSimulator.Deploy.0 = Release|Any CPU
		{6ADF49E0-7227-468A-ABDC-18A738C16AFC}.Release|x64.ActiveCfg = Release|Any CPU
		{6ADF49E0-7227-468A-ABDC-18A738C16AFC}.Release|x64.Build.0 = Release|Any CPU
		{6ADF49E0-7227-468A-ABDC-18A738C16AFC}.Release|x64.Deploy.0 = Release|Any CPU
		{6ADF49E0-7227-468A-ABDC-18A738C16AFC}.Release|x86.ActiveCfg = Release|Any CPU
		{6ADF49E0-7227-468A-ABDC-18A738C16AFC}.Release|x86.Build.0 = Release|Any CPU
		{6ADF49E0-7227-468A-ABDC-18A738C16AFC}.Release|x86.Deploy.0 = Release|Any CPU
		{4D3A7211-93CA-401C-984E-FC1E9715D2FE}.Ad-Hoc|Any CPU.ActiveCfg = Ad-Hoc|iPhone
		{4D3A7211-93CA-401C-984E-FC1E9715D2FE}.Ad-Hoc|ARM.ActiveCfg = Ad-Hoc|iPhone
		{4D3A7211-93CA-401C-984E-FC1E9715D2FE}.Ad-Hoc|iPhone.ActiveCfg = Ad-Hoc|iPhone
		{4D3A7211-93CA-401C-984E-FC1E9715D2FE}.Ad-Hoc|iPhone.Build.0 = Ad-Hoc|iPhone
		{4D3A7211-93CA-401C-984E-FC1E9715D2FE}.Ad-Hoc|iPhoneSimulator.ActiveCfg = Ad-Hoc|iPhoneSimulator
		{4D3A7211-93CA-401C-984E-FC1E9715D2FE}.Ad-Hoc|iPhoneSimulator.Build.0 = Ad-Hoc|iPhoneSimulator
		{4D3A7211-93CA-401C-984E-FC1E9715D2FE}.Ad-Hoc|x64.ActiveCfg = Ad-Hoc|iPhone
		{4D3A7211-93CA-401C-984E-FC1E9715D2FE}.Ad-Hoc|x86.ActiveCfg = Ad-Hoc|iPhone
		{4D3A7211-93CA-401C-984E-FC1E9715D2FE}.AppStore|Any CPU.ActiveCfg = AppStore|iPhone
		{4D3A7211-93CA-401C-984E-FC1E9715D2FE}.AppStore|ARM.ActiveCfg = AppStore|iPhone
		{4D3A7211-93CA-401C-984E-FC1E9715D2FE}.AppStore|iPhone.ActiveCfg = AppStore|iPhone
		{4D3A7211-93CA-401C-984E-FC1E9715D2FE}.AppStore|iPhone.Build.0 = AppStore|iPhone
		{4D3A7211-93CA-401C-984E-FC1E9715D2FE}.AppStore|iPhoneSimulator.ActiveCfg = AppStore|iPhoneSimulator
		{4D3A7211-93CA-401C-984E-FC1E9715D2FE}.AppStore|iPhoneSimulator.Build.0 = AppStore|iPhoneSimulator
		{4D3A7211-93CA-401C-984E-FC1E9715D2FE}.AppStore|x64.ActiveCfg = AppStore|iPhone
		{4D3A7211-93CA-401C-984E-FC1E9715D2FE}.AppStore|x86.ActiveCfg = AppStore|iPhone
		{4D3A7211-93CA-401C-984E-FC1E9715D2FE}.Debug|Any CPU.ActiveCfg = Debug|iPhone
		{4D3A7211-93CA-401C-984E-FC1E9715D2FE}.Debug|ARM.ActiveCfg = Debug|iPhone
		{4D3A7211-93CA-401C-984E-FC1E9715D2FE}.Debug|iPhone.ActiveCfg = Debug|iPhone
		{4D3A7211-93CA-401C-984E-FC1E9715D2FE}.Debug|iPhone.Build.0 = Debug|iPhone
		{4D3A7211-93CA-401C-984E-FC1E9715D2FE}.Debug|iPhoneSimulator.ActiveCfg = Debug|iPhoneSimulator
		{4D3A7211-93CA-401C-984E-FC1E9715D2FE}.Debug|iPhoneSimulator.Build.0 = Debug|iPhoneSimulator
		{4D3A7211-93CA-401C-984E-FC1E9715D2FE}.Debug|x64.ActiveCfg = Debug|iPhone
		{4D3A7211-93CA-401C-984E-FC1E9715D2FE}.Debug|x86.ActiveCfg = Debug|iPhone
		{4D3A7211-93CA-401C-984E-FC1E9715D2FE}.Release|Any CPU.ActiveCfg = Release|iPhone
		{4D3A7211-93CA-401C-984E-FC1E9715D2FE}.Release|ARM.ActiveCfg = Release|iPhone
		{4D3A7211-93CA-401C-984E-FC1E9715D2FE}.Release|iPhone.ActiveCfg = Release|iPhone
		{4D3A7211-93CA-401C-984E-FC1E9715D2FE}.Release|iPhone.Build.0 = Release|iPhone
		{4D3A7211-93CA-401C-984E-FC1E9715D2FE}.Release|iPhoneSimulator.ActiveCfg = Release|iPhoneSimulator
		{4D3A7211-93CA-401C-984E-FC1E9715D2FE}.Release|iPhoneSimulator.Build.0 = Release|iPhoneSimulator
		{4D3A7211-93CA-401C-984E-FC1E9715D2FE}.Release|x64.ActiveCfg = Release|iPhone
		{4D3A7211-93CA-401C-984E-FC1E9715D2FE}.Release|x86.ActiveCfg = Release|iPhone
		{E9589281-E5BD-4E0C-94AA-9EA40D43586F}.Ad-Hoc|Any CPU.ActiveCfg = Release|x86
		{E9589281-E5BD-4E0C-94AA-9EA40D43586F}.Ad-Hoc|Any CPU.Build.0 = Release|x86
		{E9589281-E5BD-4E0C-94AA-9EA40D43586F}.Ad-Hoc|Any CPU.Deploy.0 = Release|x86
		{E9589281-E5BD-4E0C-94AA-9EA40D43586F}.Ad-Hoc|ARM.ActiveCfg = Release|ARM
		{E9589281-E5BD-4E0C-94AA-9EA40D43586F}.Ad-Hoc|ARM.Build.0 = Release|ARM
		{E9589281-E5BD-4E0C-94AA-9EA40D43586F}.Ad-Hoc|ARM.Deploy.0 = Release|ARM
		{E9589281-E5BD-4E0C-94AA-9EA40D43586F}.Ad-Hoc|iPhone.ActiveCfg = Release|x86
		{E9589281-E5BD-4E0C-94AA-9EA40D43586F}.Ad-Hoc|iPhone.Build.0 = Release|x86
		{E9589281-E5BD-4E0C-94AA-9EA40D43586F}.Ad-Hoc|iPhone.Deploy.0 = Release|x86
		{E9589281-E5BD-4E0C-94AA-9EA40D43586F}.Ad-Hoc|iPhoneSimulator.ActiveCfg = Release|x86
		{E9589281-E5BD-4E0C-94AA-9EA40D43586F}.Ad-Hoc|iPhoneSimulator.Build.0 = Release|x86
		{E9589281-E5BD-4E0C-94AA-9EA40D43586F}.Ad-Hoc|iPhoneSimulator.Deploy.0 = Release|x86
		{E9589281-E5BD-4E0C-94AA-9EA40D43586F}.Ad-Hoc|x64.ActiveCfg = Release|x64
		{E9589281-E5BD-4E0C-94AA-9EA40D43586F}.Ad-Hoc|x64.Build.0 = Release|x64
		{E9589281-E5BD-4E0C-94AA-9EA40D43586F}.Ad-Hoc|x64.Deploy.0 = Release|x64
		{E9589281-E5BD-4E0C-94AA-9EA40D43586F}.Ad-Hoc|x86.ActiveCfg = Release|x86
		{E9589281-E5BD-4E0C-94AA-9EA40D43586F}.Ad-Hoc|x86.Build.0 = Release|x86
		{E9589281-E5BD-4E0C-94AA-9EA40D43586F}.Ad-Hoc|x86.Deploy.0 = Release|x86
		{E9589281-E5BD-4E0C-94AA-9EA40D43586F}.AppStore|Any CPU.ActiveCfg = Release|x86
		{E9589281-E5BD-4E0C-94AA-9EA40D43586F}.AppStore|Any CPU.Build.0 = Release|x86
		{E9589281-E5BD-4E0C-94AA-9EA40D43586F}.AppStore|Any CPU.Deploy.0 = Release|x86
		{E9589281-E5BD-4E0C-94AA-9EA40D43586F}.AppStore|ARM.ActiveCfg = Release|ARM
		{E9589281-E5BD-4E0C-94AA-9EA40D43586F}.AppStore|ARM.Build.0 = Release|ARM
		{E9589281-E5BD-4E0C-94AA-9EA40D43586F}.AppStore|ARM.Deploy.0 = Release|ARM
		{E9589281-E5BD-4E0C-94AA-9EA40D43586F}.AppStore|iPhone.ActiveCfg = Release|x86
		{E9589281-E5BD-4E0C-94AA-9EA40D43586F}.AppStore|iPhone.Build.0 = Release|x86
		{E9589281-E5BD-4E0C-94AA-9EA40D43586F}.AppStore|iPhone.Deploy.0 = Release|x86
		{E9589281-E5BD-4E0C-94AA-9EA40D43586F}.AppStore|iPhoneSimulator.ActiveCfg = Release|x86
		{E9589281-E5BD-4E0C-94AA-9EA40D43586F}.AppStore|iPhoneSimulator.Build.0 = Release|x86
		{E9589281-E5BD-4E0C-94AA-9EA40D43586F}.AppStore|iPhoneSimulator.Deploy.0 = Release|x86
		{E9589281-E5BD-4E0C-94AA-9EA40D43586F}.AppStore|x64.ActiveCfg = Release|x64
		{E9589281-E5BD-4E0C-94AA-9EA40D43586F}.AppStore|x64.Build.0 = Release|x64
		{E9589281-E5BD-4E0C-94AA-9EA40D43586F}.AppStore|x64.Deploy.0 = Release|x64
		{E9589281-E5BD-4E0C-94AA-9EA40D43586F}.AppStore|x86.ActiveCfg = Release|x86
		{E9589281-E5BD-4E0C-94AA-9EA40D43586F}.AppStore|x86.Build.0 = Release|x86
		{E9589281-E5BD-4E0C-94AA-9EA40D43586F}.AppStore|x86.Deploy.0 = Release|x86
		{E9589281-E5BD-4E0C-94AA-9EA40D43586F}.Debug|Any CPU.ActiveCfg = Debug|x86
		{E9589281-E5BD-4E0C-94AA-9EA40D43586F}.Debug|ARM.ActiveCfg = Debug|ARM
		{E9589281-E5BD-4E0C-94AA-9EA40D43586F}.Debug|ARM.Build.0 = Debug|ARM
		{E9589281-E5BD-4E0C-94AA-9EA40D43586F}.Debug|ARM.Deploy.0 = Debug|ARM
		{E9589281-E5BD-4E0C-94AA-9EA40D43586F}.Debug|iPhone.ActiveCfg = Debug|x86
		{E9589281-E5BD-4E0C-94AA-9EA40D43586F}.Debug|iPhoneSimulator.ActiveCfg = Debug|x86
		{E9589281-E5BD-4E0C-94AA-9EA40D43586F}.Debug|x64.ActiveCfg = Debug|x64
		{E9589281-E5BD-4E0C-94AA-9EA40D43586F}.Debug|x64.Build.0 = Debug|x64
		{E9589281-E5BD-4E0C-94AA-9EA40D43586F}.Debug|x64.Deploy.0 = Debug|x64
		{E9589281-E5BD-4E0C-94AA-9EA40D43586F}.Debug|x86.ActiveCfg = Debug|x86
		{E9589281-E5BD-4E0C-94AA-9EA40D43586F}.Debug|x86.Build.0 = Debug|x86
		{E9589281-E5BD-4E0C-94AA-9EA40D43586F}.Debug|x86.Deploy.0 = Debug|x86
		{E9589281-E5BD-4E0C-94AA-9EA40D43586F}.Release|Any CPU.ActiveCfg = Release|x86
		{E9589281-E5BD-4E0C-94AA-9EA40D43586F}.Release|ARM.ActiveCfg = Release|ARM
		{E9589281-E5BD-4E0C-94AA-9EA40D43586F}.Release|ARM.Build.0 = Release|ARM
		{E9589281-E5BD-4E0C-94AA-9EA40D43586F}.Release|ARM.Deploy.0 = Release|ARM
		{E9589281-E5BD-4E0C-94AA-9EA40D43586F}.Release|iPhone.ActiveCfg = Release|x86
		{E9589281-E5BD-4E0C-94AA-9EA40D43586F}.Release|iPhoneSimulator.ActiveCfg = Release|x86
		{E9589281-E5BD-4E0C-94AA-9EA40D43586F}.Release|x64.ActiveCfg = Release|x64
		{E9589281-E5BD-4E0C-94AA-9EA40D43586F}.Release|x64.Build.0 = Release|x64
		{E9589281-E5BD-4E0C-94AA-9EA40D43586F}.Release|x64.Deploy.0 = Release|x64
		{E9589281-E5BD-4E0C-94AA-9EA40D43586F}.Release|x86.ActiveCfg = Release|x86
		{E9589281-E5BD-4E0C-94AA-9EA40D43586F}.Release|x86.Build.0 = Release|x86
		{E9589281-E5BD-4E0C-94AA-9EA40D43586F}.Release|x86.Deploy.0 = Release|x86
	EndGlobalSection
	GlobalSection(SolutionProperties) = preSolution
		HideSolutionNode = FALSE
	EndGlobalSection
	GlobalSection(ExtensibilityGlobals) = postSolution
		SolutionGuid = {30BE7CF1-BBC7-4582-8B37-332514239E49}
	EndGlobalSection
EndGlobal
