
Microsoft Visual Studio Solution File, Format Version 12.00
# Visual Studio 15
VisualStudioVersion = 15.0.27130.2010
MinimumVisualStudioVersion = 10.0.40219.1
Project("{FAE04EC0-301F-11D3-BF4B-00C04F79EFBC}") = "cur16_AgendaListaConta.Android", "..\cur16_AgendaListaConta\cur16_AgendaListaConta\cur16_AgendaListaConta.Android\cur16_AgendaListaConta.Android.csproj", "{094124D3-2A24-4724-B30A-A67AF74CDA7C}"
EndProject
Project("{FAE04EC0-301F-11D3-BF4B-00C04F79EFBC}") = "cur16_AgendaListaConta.iOS", "..\cur16_AgendaListaConta\cur16_AgendaListaConta\cur16_AgendaListaConta.iOS\cur16_AgendaListaConta.iOS.csproj", "{0CF6CEE6-1D9D-41CF-9A03-ED586FB80908}"
EndProject
Project("{FAE04EC0-301F-11D3-BF4B-00C04F79EFBC}") = "cur16_AgendaListaConta.UWP", "..\cur16_AgendaListaConta\cur16_AgendaListaConta\cur16_AgendaListaConta.UWP\cur16_AgendaListaConta.UWP.csproj", "{88C2CB33-DF56-43BD-BAA1-52498FFBAA52}"
EndProject
Project("{D954291E-2A0B-460D-934E-DC6B0785DB48}") = "cur16_AgendaListaConta", "..\cur16_AgendaListaConta\cur16_AgendaListaConta\cur16_AgendaListaConta\cur16_AgendaListaConta.shproj", "{AE106169-897E-4F48-B8B3-27BE517C3F18}"
EndProject
Global
	GlobalSection(SharedMSBuildProjectFiles) = preSolution
		..\cur16_AgendaListaConta\cur16_AgendaListaConta\cur16_AgendaListaConta\cur16_AgendaListaConta.projitems*{094124d3-2a24-4724-b30a-a67af74cda7c}*SharedItemsImports = 4
		..\cur16_AgendaListaConta\cur16_AgendaListaConta\cur16_AgendaListaConta\cur16_AgendaListaConta.projitems*{0cf6cee6-1d9d-41cf-9a03-ed586fb80908}*SharedItemsImports = 4
		..\cur16_AgendaListaConta\cur16_AgendaListaConta\cur16_AgendaListaConta\cur16_AgendaListaConta.projitems*{88c2cb33-df56-43bd-baa1-52498ffbaa52}*SharedItemsImports = 4
		..\cur16_AgendaListaConta\cur16_AgendaListaConta\cur16_AgendaListaConta\cur16_AgendaListaConta.projitems*{ae106169-897e-4f48-b8b3-27be517c3f18}*SharedItemsImports = 13
	EndGlobalSection
	GlobalSection(SolutionConfigurationPlatforms) = preSolution
		Ad-Hoc|Any CPU = Ad-Hoc|Any CPU
		Ad-Hoc|ARM = Ad-Hoc|ARM
		Ad-Hoc|iPhone = Ad-Hoc|iPhone
		Ad-Hoc|iPhoneSimulator = Ad-Hoc|iPhoneSimulator
		Ad-Hoc|x64 = Ad-Hoc|x64
		Ad-Hoc|x86 = Ad-Hoc|x86
		AppStore|Any CPU = AppStore|Any CPU
		AppStore|ARM = AppStore|ARM
		AppStore|iPhone = AppStore|iPhone
		AppStore|iPhoneSimulator = AppStore|iPhoneSimulator
		AppStore|x64 = AppStore|x64
		AppStore|x86 = AppStore|x86
		Debug|Any CPU = Debug|Any CPU
		Debug|ARM = Debug|ARM
		Debug|iPhone = Debug|iPhone
		Debug|iPhoneSimulator = Debug|iPhoneSimulator
		Debug|x64 = Debug|x64
		Debug|x86 = Debug|x86
		Release|Any CPU = Release|Any CPU
		Release|ARM = Release|ARM
		Release|iPhone = Release|iPhone
		Release|iPhoneSimulator = Release|iPhoneSimulator
		Release|x64 = Release|x64
		Release|x86 = Release|x86
	EndGlobalSection
	GlobalSection(ProjectConfigurationPlatforms) = postSolution
		{094124D3-2A24-4724-B30A-A67AF74CDA7C}.Ad-Hoc|Any CPU.ActiveCfg = Release|Any CPU
		{094124D3-2A24-4724-B30A-A67AF74CDA7C}.Ad-Hoc|Any CPU.Build.0 = Release|Any CPU
		{094124D3-2A24-4724-B30A-A67AF74CDA7C}.Ad-Hoc|Any CPU.Deploy.0 = Release|Any CPU
		{094124D3-2A24-4724-B30A-A67AF74CDA7C}.Ad-Hoc|ARM.ActiveCfg = Release|Any CPU
		{094124D3-2A24-4724-B30A-A67AF74CDA7C}.Ad-Hoc|ARM.Build.0 = Release|Any CPU
		{094124D3-2A24-4724-B30A-A67AF74CDA7C}.Ad-Hoc|ARM.Deploy.0 = Release|Any CPU
		{094124D3-2A24-4724-B30A-A67AF74CDA7C}.Ad-Hoc|iPhone.ActiveCfg = Release|Any CPU
		{094124D3-2A24-4724-B30A-A67AF74CDA7C}.Ad-Hoc|iPhone.Build.0 = Release|Any CPU
		{094124D3-2A24-4724-B30A-A67AF74CDA7C}.Ad-Hoc|iPhone.Deploy.0 = Release|Any CPU
		{094124D3-2A24-4724-B30A-A67AF74CDA7C}.Ad-Hoc|iPhoneSimulator.ActiveCfg = Release|Any CPU
		{094124D3-2A24-4724-B30A-A67AF74CDA7C}.Ad-Hoc|iPhoneSimulator.Build.0 = Release|Any CPU
		{094124D3-2A24-4724-B30A-A67AF74CDA7C}.Ad-Hoc|iPhoneSimulator.Deploy.0 = Release|Any CPU
		{094124D3-2A24-4724-B30A-A67AF74CDA7C}.Ad-Hoc|x64.ActiveCfg = Release|Any CPU
		{094124D3-2A24-4724-B30A-A67AF74CDA7C}.Ad-Hoc|x64.Build.0 = Release|Any CPU
		{094124D3-2A24-4724-B30A-A67AF74CDA7C}.Ad-Hoc|x64.Deploy.0 = Release|Any CPU
		{094124D3-2A24-4724-B30A-A67AF74CDA7C}.Ad-Hoc|x86.ActiveCfg = Release|Any CPU
		{094124D3-2A24-4724-B30A-A67AF74CDA7C}.Ad-Hoc|x86.Build.0 = Release|Any CPU
		{094124D3-2A24-4724-B30A-A67AF74CDA7C}.Ad-Hoc|x86.Deploy.0 = Release|Any CPU
		{094124D3-2A24-4724-B30A-A67AF74CDA7C}.AppStore|Any CPU.ActiveCfg = Release|Any CPU
		{094124D3-2A24-4724-B30A-A67AF74CDA7C}.AppStore|Any CPU.Build.0 = Release|Any CPU
		{094124D3-2A24-4724-B30A-A67AF74CDA7C}.AppStore|Any CPU.Deploy.0 = Release|Any CPU
		{094124D3-2A24-4724-B30A-A67AF74CDA7C}.AppStore|ARM.ActiveCfg = Release|Any CPU
		{094124D3-2A24-4724-B30A-A67AF74CDA7C}.AppStore|ARM.Build.0 = Release|Any CPU
		{094124D3-2A24-4724-B30A-A67AF74CDA7C}.AppStore|ARM.Deploy.0 = Release|Any CPU
		{094124D3-2A24-4724-B30A-A67AF74CDA7C}.AppStore|iPhone.ActiveCfg = Release|Any CPU
		{094124D3-2A24-4724-B30A-A67AF74CDA7C}.AppStore|iPhone.Build.0 = Release|Any CPU
		{094124D3-2A24-4724-B30A-A67AF74CDA7C}.AppStore|iPhone.Deploy.0 = Release|Any CPU
		{094124D3-2A24-4724-B30A-A67AF74CDA7C}.AppStore|iPhoneSimulator.ActiveCfg = Release|Any CPU
		{094124D3-2A24-4724-B30A-A67AF74CDA7C}.AppStore|iPhoneSimulator.Build.0 = Release|Any CPU
		{094124D3-2A24-4724-B30A-A67AF74CDA7C}.AppStore|iPhoneSimulator.Deploy.0 = Release|Any CPU
		{094124D3-2A24-4724-B30A-A67AF74CDA7C}.AppStore|x64.ActiveCfg = Release|Any CPU
		{094124D3-2A24-4724-B30A-A67AF74CDA7C}.AppStore|x64.Build.0 = Release|Any CPU
		{094124D3-2A24-4724-B30A-A67AF74CDA7C}.AppStore|x64.Deploy.0 = Release|Any CPU
		{094124D3-2A24-4724-B30A-A67AF74CDA7C}.AppStore|x86.ActiveCfg = Release|Any CPU
		{094124D3-2A24-4724-B30A-A67AF74CDA7C}.AppStore|x86.Build.0 = Release|Any CPU
		{094124D3-2A24-4724-B30A-A67AF74CDA7C}.AppStore|x86.Deploy.0 = Release|Any CPU
		{094124D3-2A24-4724-B30A-A67AF74CDA7C}.Debug|Any CPU.ActiveCfg = Debug|Any CPU
		{094124D3-2A24-4724-B30A-A67AF74CDA7C}.Debug|Any CPU.Build.0 = Debug|Any CPU
		{094124D3-2A24-4724-B30A-A67AF74CDA7C}.Debug|Any CPU.Deploy.0 = Debug|Any CPU
		{094124D3-2A24-4724-B30A-A67AF74CDA7C}.Debug|ARM.ActiveCfg = Debug|Any CPU
		{094124D3-2A24-4724-B30A-A67AF74CDA7C}.Debug|ARM.Build.0 = Debug|Any CPU
		{094124D3-2A24-4724-B30A-A67AF74CDA7C}.Debug|ARM.Deploy.0 = Debug|Any CPU
		{094124D3-2A24-4724-B30A-A67AF74CDA7C}.Debug|iPhone.ActiveCfg = Debug|Any CPU
		{094124D3-2A24-4724-B30A-A67AF74CDA7C}.Debug|iPhone.Build.0 = Debug|Any CPU
		{094124D3-2A24-4724-B30A-A67AF74CDA7C}.Debug|iPhone.Deploy.0 = Debug|Any CPU
		{094124D3-2A24-4724-B30A-A67AF74CDA7C}.Debug|iPhoneSimulator.ActiveCfg = Debug|Any CPU
		{094124D3-2A24-4724-B30A-A67AF74CDA7C}.Debug|iPhoneSimulator.Build.0 = Debug|Any CPU
		{094124D3-2A24-4724-B30A-A67AF74CDA7C}.Debug|iPhoneSimulator.Deploy.0 = Debug|Any CPU
		{094124D3-2A24-4724-B30A-A67AF74CDA7C}.Debug|x64.ActiveCfg = Debug|Any CPU
		{094124D3-2A24-4724-B30A-A67AF74CDA7C}.Debug|x64.Build.0 = Debug|Any CPU
		{094124D3-2A24-4724-B30A-A67AF74CDA7C}.Debug|x64.Deploy.0 = Debug|Any CPU
		{094124D3-2A24-4724-B30A-A67AF74CDA7C}.Debug|x86.ActiveCfg = Debug|Any CPU
		{094124D3-2A24-4724-B30A-A67AF74CDA7C}.Debug|x86.Build.0 = Debug|Any CPU
		{094124D3-2A24-4724-B30A-A67AF74CDA7C}.Debug|x86.Deploy.0 = Debug|Any CPU
		{094124D3-2A24-4724-B30A-A67AF74CDA7C}.Release|Any CPU.ActiveCfg = Release|Any CPU
		{094124D3-2A24-4724-B30A-A67AF74CDA7C}.Release|Any CPU.Build.0 = Release|Any CPU
		{094124D3-2A24-4724-B30A-A67AF74CDA7C}.Release|Any CPU.Deploy.0 = Release|Any CPU
		{094124D3-2A24-4724-B30A-A67AF74CDA7C}.Release|ARM.ActiveCfg = Release|Any CPU
		{094124D3-2A24-4724-B30A-A67AF74CDA7C}.Release|ARM.Build.0 = Release|Any CPU
		{094124D3-2A24-4724-B30A-A67AF74CDA7C}.Release|ARM.Deploy.0 = Release|Any CPU
		{094124D3-2A24-4724-B30A-A67AF74CDA7C}.Release|iPhone.ActiveCfg = Release|Any CPU
		{094124D3-2A24-4724-B30A-A67AF74CDA7C}.Release|iPhone.Build.0 = Release|Any CPU
		{094124D3-2A24-4724-B30A-A67AF74CDA7C}.Release|iPhone.Deploy.0 = Release|Any CPU
		{094124D3-2A24-4724-B30A-A67AF74CDA7C}.Release|iPhoneSimulator.ActiveCfg = Release|Any CPU
		{094124D3-2A24-4724-B30A-A67AF74CDA7C}.Release|iPhoneSimulator.Build.0 = Release|Any CPU
		{094124D3-2A24-4724-B30A-A67AF74CDA7C}.Release|iPhoneSimulator.Deploy.0 = Release|Any CPU
		{094124D3-2A24-4724-B30A-A67AF74CDA7C}.Release|x64.ActiveCfg = Release|Any CPU
		{094124D3-2A24-4724-B30A-A67AF74CDA7C}.Release|x64.Build.0 = Release|Any CPU
		{094124D3-2A24-4724-B30A-A67AF74CDA7C}.Release|x64.Deploy.0 = Release|Any CPU
		{094124D3-2A24-4724-B30A-A67AF74CDA7C}.Release|x86.ActiveCfg = Release|Any CPU
		{094124D3-2A24-4724-B30A-A67AF74CDA7C}.Release|x86.Build.0 = Release|Any CPU
		{094124D3-2A24-4724-B30A-A67AF74CDA7C}.Release|x86.Deploy.0 = Release|Any CPU
		{0CF6CEE6-1D9D-41CF-9A03-ED586FB80908}.Ad-Hoc|Any CPU.ActiveCfg = Ad-Hoc|iPhone
		{0CF6CEE6-1D9D-41CF-9A03-ED586FB80908}.Ad-Hoc|ARM.ActiveCfg = Ad-Hoc|iPhone
		{0CF6CEE6-1D9D-41CF-9A03-ED586FB80908}.Ad-Hoc|iPhone.ActiveCfg = Ad-Hoc|iPhone
		{0CF6CEE6-1D9D-41CF-9A03-ED586FB80908}.Ad-Hoc|iPhone.Build.0 = Ad-Hoc|iPhone
		{0CF6CEE6-1D9D-41CF-9A03-ED586FB80908}.Ad-Hoc|iPhoneSimulator.ActiveCfg = Ad-Hoc|iPhoneSimulator
		{0CF6CEE6-1D9D-41CF-9A03-ED586FB80908}.Ad-Hoc|iPhoneSimulator.Build.0 = Ad-Hoc|iPhoneSimulator
		{0CF6CEE6-1D9D-41CF-9A03-ED586FB80908}.Ad-Hoc|x64.ActiveCfg = Ad-Hoc|iPhone
		{0CF6CEE6-1D9D-41CF-9A03-ED586FB80908}.Ad-Hoc|x86.ActiveCfg = Ad-Hoc|iPhone
		{0CF6CEE6-1D9D-41CF-9A03-ED586FB80908}.AppStore|Any CPU.ActiveCfg = AppStore|iPhone
		{0CF6CEE6-1D9D-41CF-9A03-ED586FB80908}.AppStore|ARM.ActiveCfg = AppStore|iPhone
		{0CF6CEE6-1D9D-41CF-9A03-ED586FB80908}.AppStore|iPhone.ActiveCfg = AppStore|iPhone
		{0CF6CEE6-1D9D-41CF-9A03-ED586FB80908}.AppStore|iPhone.Build.0 = AppStore|iPhone
		{0CF6CEE6-1D9D-41CF-9A03-ED586FB80908}.AppStore|iPhoneSimulator.ActiveCfg = AppStore|iPhoneSimulator
		{0CF6CEE6-1D9D-41CF-9A03-ED586FB80908}.AppStore|iPhoneSimulator.Build.0 = AppStore|iPhoneSimulator
		{0CF6CEE6-1D9D-41CF-9A03-ED586FB80908}.AppStore|x64.ActiveCfg = AppStore|iPhone
		{0CF6CEE6-1D9D-41CF-9A03-ED586FB80908}.AppStore|x86.ActiveCfg = AppStore|iPhone
		{0CF6CEE6-1D9D-41CF-9A03-ED586FB80908}.Debug|Any CPU.ActiveCfg = Debug|iPhone
		{0CF6CEE6-1D9D-41CF-9A03-ED586FB80908}.Debug|ARM.ActiveCfg = Debug|iPhone
		{0CF6CEE6-1D9D-41CF-9A03-ED586FB80908}.Debug|iPhone.ActiveCfg = Debug|iPhone
		{0CF6CEE6-1D9D-41CF-9A03-ED586FB80908}.Debug|iPhone.Build.0 = Debug|iPhone
		{0CF6CEE6-1D9D-41CF-9A03-ED586FB80908}.Debug|iPhoneSimulator.ActiveCfg = Debug|iPhoneSimulator
		{0CF6CEE6-1D9D-41CF-9A03-ED586FB80908}.Debug|iPhoneSimulator.Build.0 = Debug|iPhoneSimulator
		{0CF6CEE6-1D9D-41CF-9A03-ED586FB80908}.Debug|x64.ActiveCfg = Debug|iPhone
		{0CF6CEE6-1D9D-41CF-9A03-ED586FB80908}.Debug|x86.ActiveCfg = Debug|iPhone
		{0CF6CEE6-1D9D-41CF-9A03-ED586FB80908}.Release|Any CPU.ActiveCfg = Release|iPhone
		{0CF6CEE6-1D9D-41CF-9A03-ED586FB80908}.Release|ARM.ActiveCfg = Release|iPhone
		{0CF6CEE6-1D9D-41CF-9A03-ED586FB80908}.Release|iPhone.ActiveCfg = Release|iPhone
		{0CF6CEE6-1D9D-41CF-9A03-ED586FB80908}.Release|iPhone.Build.0 = Release|iPhone
		{0CF6CEE6-1D9D-41CF-9A03-ED586FB80908}.Release|iPhoneSimulator.ActiveCfg = Release|iPhoneSimulator
		{0CF6CEE6-1D9D-41CF-9A03-ED586FB80908}.Release|iPhoneSimulator.Build.0 = Release|iPhoneSimulator
		{0CF6CEE6-1D9D-41CF-9A03-ED586FB80908}.Release|x64.ActiveCfg = Release|iPhone
		{0CF6CEE6-1D9D-41CF-9A03-ED586FB80908}.Release|x86.ActiveCfg = Release|iPhone
		{88C2CB33-DF56-43BD-BAA1-52498FFBAA52}.Ad-Hoc|Any CPU.ActiveCfg = Release|x86
		{88C2CB33-DF56-43BD-BAA1-52498FFBAA52}.Ad-Hoc|Any CPU.Build.0 = Release|x86
		{88C2CB33-DF56-43BD-BAA1-52498FFBAA52}.Ad-Hoc|Any CPU.Deploy.0 = Release|x86
		{88C2CB33-DF56-43BD-BAA1-52498FFBAA52}.Ad-Hoc|ARM.ActiveCfg = Release|ARM
		{88C2CB33-DF56-43BD-BAA1-52498FFBAA52}.Ad-Hoc|ARM.Build.0 = Release|ARM
		{88C2CB33-DF56-43BD-BAA1-52498FFBAA52}.Ad-Hoc|ARM.Deploy.0 = Release|ARM
		{88C2CB33-DF56-43BD-BAA1-52498FFBAA52}.Ad-Hoc|iPhone.ActiveCfg = Release|x86
		{88C2CB33-DF56-43BD-BAA1-52498FFBAA52}.Ad-Hoc|iPhone.Build.0 = Release|x86
		{88C2CB33-DF56-43BD-BAA1-52498FFBAA52}.Ad-Hoc|iPhone.Deploy.0 = Release|x86
		{88C2CB33-DF56-43BD-BAA1-52498FFBAA52}.Ad-Hoc|iPhoneSimulator.ActiveCfg = Release|x86
		{88C2CB33-DF56-43BD-BAA1-52498FFBAA52}.Ad-Hoc|iPhoneSimulator.Build.0 = Release|x86
		{88C2CB33-DF56-43BD-BAA1-52498FFBAA52}.Ad-Hoc|iPhoneSimulator.Deploy.0 = Release|x86
		{88C2CB33-DF56-43BD-BAA1-52498FFBAA52}.Ad-Hoc|x64.ActiveCfg = Release|x64
		{88C2CB33-DF56-43BD-BAA1-52498FFBAA52}.Ad-Hoc|x64.Build.0 = Release|x64
		{88C2CB33-DF56-43BD-BAA1-52498FFBAA52}.Ad-Hoc|x64.Deploy.0 = Release|x64
		{88C2CB33-DF56-43BD-BAA1-52498FFBAA52}.Ad-Hoc|x86.ActiveCfg = Release|x86
		{88C2CB33-DF56-43BD-BAA1-52498FFBAA52}.Ad-Hoc|x86.Build.0 = Release|x86
		{88C2CB33-DF56-43BD-BAA1-52498FFBAA52}.Ad-Hoc|x86.Deploy.0 = Release|x86
		{88C2CB33-DF56-43BD-BAA1-52498FFBAA52}.AppStore|Any CPU.ActiveCfg = Release|x86
		{88C2CB33-DF56-43BD-BAA1-52498FFBAA52}.AppStore|Any CPU.Build.0 = Release|x86
		{88C2CB33-DF56-43BD-BAA1-52498FFBAA52}.AppStore|Any CPU.Deploy.0 = Release|x86
		{88C2CB33-DF56-43BD-BAA1-52498FFBAA52}.AppStore|ARM.ActiveCfg = Release|ARM
		{88C2CB33-DF56-43BD-BAA1-52498FFBAA52}.AppStore|ARM.Build.0 = Release|ARM
		{88C2CB33-DF56-43BD-BAA1-52498FFBAA52}.AppStore|ARM.Deploy.0 = Release|ARM
		{88C2CB33-DF56-43BD-BAA1-52498FFBAA52}.AppStore|iPhone.ActiveCfg = Release|x86
		{88C2CB33-DF56-43BD-BAA1-52498FFBAA52}.AppStore|iPhone.Build.0 = Release|x86
		{88C2CB33-DF56-43BD-BAA1-52498FFBAA52}.AppStore|iPhone.Deploy.0 = Release|x86
		{88C2CB33-DF56-43BD-BAA1-52498FFBAA52}.AppStore|iPhoneSimulator.ActiveCfg = Release|x86
		{88C2CB33-DF56-43BD-BAA1-52498FFBAA52}.AppStore|iPhoneSimulator.Build.0 = Release|x86
		{88C2CB33-DF56-43BD-BAA1-52498FFBAA52}.AppStore|iPhoneSimulator.Deploy.0 = Release|x86
		{88C2CB33-DF56-43BD-BAA1-52498FFBAA52}.AppStore|x64.ActiveCfg = Release|x64
		{88C2CB33-DF56-43BD-BAA1-52498FFBAA52}.AppStore|x64.Build.0 = Release|x64
		{88C2CB33-DF56-43BD-BAA1-52498FFBAA52}.AppStore|x64.Deploy.0 = Release|x64
		{88C2CB33-DF56-43BD-BAA1-52498FFBAA52}.AppStore|x86.ActiveCfg = Release|x86
		{88C2CB33-DF56-43BD-BAA1-52498FFBAA52}.AppStore|x86.Build.0 = Release|x86
		{88C2CB33-DF56-43BD-BAA1-52498FFBAA52}.AppStore|x86.Deploy.0 = Release|x86
		{88C2CB33-DF56-43BD-BAA1-52498FFBAA52}.Debug|Any CPU.ActiveCfg = Debug|x86
		{88C2CB33-DF56-43BD-BAA1-52498FFBAA52}.Debug|ARM.ActiveCfg = Debug|ARM
		{88C2CB33-DF56-43BD-BAA1-52498FFBAA52}.Debug|ARM.Build.0 = Debug|ARM
		{88C2CB33-DF56-43BD-BAA1-52498FFBAA52}.Debug|ARM.Deploy.0 = Debug|ARM
		{88C2CB33-DF56-43BD-BAA1-52498FFBAA52}.Debug|iPhone.ActiveCfg = Debug|x86
		{88C2CB33-DF56-43BD-BAA1-52498FFBAA52}.Debug|iPhoneSimulator.ActiveCfg = Debug|x86
		{88C2CB33-DF56-43BD-BAA1-52498FFBAA52}.Debug|x64.ActiveCfg = Debug|x64
		{88C2CB33-DF56-43BD-BAA1-52498FFBAA52}.Debug|x64.Build.0 = Debug|x64
		{88C2CB33-DF56-43BD-BAA1-52498FFBAA52}.Debug|x64.Deploy.0 = Debug|x64
		{88C2CB33-DF56-43BD-BAA1-52498FFBAA52}.Debug|x86.ActiveCfg = Debug|x86
		{88C2CB33-DF56-43BD-BAA1-52498FFBAA52}.Debug|x86.Build.0 = Debug|x86
		{88C2CB33-DF56-43BD-BAA1-52498FFBAA52}.Debug|x86.Deploy.0 = Debug|x86
		{88C2CB33-DF56-43BD-BAA1-52498FFBAA52}.Release|Any CPU.ActiveCfg = Release|x86
		{88C2CB33-DF56-43BD-BAA1-52498FFBAA52}.Release|ARM.ActiveCfg = Release|ARM
		{88C2CB33-DF56-43BD-BAA1-52498FFBAA52}.Release|ARM.Build.0 = Release|ARM
		{88C2CB33-DF56-43BD-BAA1-52498FFBAA52}.Release|ARM.Deploy.0 = Release|ARM
		{88C2CB33-DF56-43BD-BAA1-52498FFBAA52}.Release|iPhone.ActiveCfg = Release|x86
		{88C2CB33-DF56-43BD-BAA1-52498FFBAA52}.Release|iPhoneSimulator.ActiveCfg = Release|x86
		{88C2CB33-DF56-43BD-BAA1-52498FFBAA52}.Release|x64.ActiveCfg = Release|x64
		{88C2CB33-DF56-43BD-BAA1-52498FFBAA52}.Release|x64.Build.0 = Release|x64
		{88C2CB33-DF56-43BD-BAA1-52498FFBAA52}.Release|x64.Deploy.0 = Release|x64
		{88C2CB33-DF56-43BD-BAA1-52498FFBAA52}.Release|x86.ActiveCfg = Release|x86
		{88C2CB33-DF56-43BD-BAA1-52498FFBAA52}.Release|x86.Build.0 = Release|x86
		{88C2CB33-DF56-43BD-BAA1-52498FFBAA52}.Release|x86.Deploy.0 = Release|x86
	EndGlobalSection
	GlobalSection(SolutionProperties) = preSolution
		HideSolutionNode = FALSE
	EndGlobalSection
	GlobalSection(ExtensibilityGlobals) = postSolution
		SolutionGuid = {5AA7FEE6-54E7-4A39-B01A-A748349EA654}
	EndGlobalSection
EndGlobal
