
Microsoft Visual Studio Solution File, Format Version 12.00
# Visual Studio 15
VisualStudioVersion = 15.0.27130.2010
MinimumVisualStudioVersion = 10.0.40219.1
Project("{FAE04EC0-301F-11D3-BF4B-00C04F79EFBC}") = "cur12_ListasEventos.Android", "cur12_ListasEventos\cur12_ListasEventos.Android\cur12_ListasEventos.Android.csproj", "{D9B3A777-2594-48FD-8F01-A6609E5E6FDD}"
EndProject
Project("{FAE04EC0-301F-11D3-BF4B-00C04F79EFBC}") = "cur12_ListasEventos.iOS", "cur12_ListasEventos\cur12_ListasEventos.iOS\cur12_ListasEventos.iOS.csproj", "{79CF6B84-C229-4267-BF78-F61825B99BE1}"
EndProject
Project("{FAE04EC0-301F-11D3-BF4B-00C04F79EFBC}") = "cur12_ListasEventos.UWP", "cur12_ListasEventos\cur12_ListasEventos.UWP\cur12_ListasEventos.UWP.csproj", "{112C97BB-E8B4-40F4-8564-5B74B4664ECB}"
EndProject
Project("{D954291E-2A0B-460D-934E-DC6B0785DB48}") = "cur12_ListasEventos", "cur12_ListasEventos\cur12_ListasEventos\cur12_ListasEventos.shproj", "{34E3009A-EB41-4D43-B05E-AAA3BE445EEF}"
EndProject
Global
	GlobalSection(SharedMSBuildProjectFiles) = preSolution
		cur12_ListasEventos\cur12_ListasEventos\cur12_ListasEventos.projitems*{112c97bb-e8b4-40f4-8564-5b74b4664ecb}*SharedItemsImports = 4
		cur12_ListasEventos\cur12_ListasEventos\cur12_ListasEventos.projitems*{34e3009a-eb41-4d43-b05e-aaa3be445eef}*SharedItemsImports = 13
		cur12_ListasEventos\cur12_ListasEventos\cur12_ListasEventos.projitems*{79cf6b84-c229-4267-bf78-f61825b99be1}*SharedItemsImports = 4
		cur12_ListasEventos\cur12_ListasEventos\cur12_ListasEventos.projitems*{d9b3a777-2594-48fd-8f01-a6609e5e6fdd}*SharedItemsImports = 4
	EndGlobalSection
	GlobalSection(SolutionConfigurationPlatforms) = preSolution
		Ad-Hoc|Any CPU = Ad-Hoc|Any CPU
		Ad-Hoc|ARM = Ad-Hoc|ARM
		Ad-Hoc|iPhone = Ad-Hoc|iPhone
		Ad-Hoc|iPhoneSimulator = Ad-Hoc|iPhoneSimulator
		Ad-Hoc|x64 = Ad-Hoc|x64
		Ad-Hoc|x86 = Ad-Hoc|x86
		AppStore|Any CPU = AppStore|Any CPU
		AppStore|ARM = AppStore|ARM
		AppStore|iPhone = AppStore|iPhone
		AppStore|iPhoneSimulator = AppStore|iPhoneSimulator
		AppStore|x64 = AppStore|x64
		AppStore|x86 = AppStore|x86
		Debug|Any CPU = Debug|Any CPU
		Debug|ARM = Debug|ARM
		Debug|iPhone = Debug|iPhone
		Debug|iPhoneSimulator = Debug|iPhoneSimulator
		Debug|x64 = Debug|x64
		Debug|x86 = Debug|x86
		Release|Any CPU = Release|Any CPU
		Release|ARM = Release|ARM
		Release|iPhone = Release|iPhone
		Release|iPhoneSimulator = Release|iPhoneSimulator
		Release|x64 = Release|x64
		Release|x86 = Release|x86
	EndGlobalSection
	GlobalSection(ProjectConfigurationPlatforms) = postSolution
		{D9B3A777-2594-48FD-8F01-A6609E5E6FDD}.Ad-Hoc|Any CPU.ActiveCfg = Release|Any CPU
		{D9B3A777-2594-48FD-8F01-A6609E5E6FDD}.Ad-Hoc|Any CPU.Build.0 = Release|Any CPU
		{D9B3A777-2594-48FD-8F01-A6609E5E6FDD}.Ad-Hoc|Any CPU.Deploy.0 = Release|Any CPU
		{D9B3A777-2594-48FD-8F01-A6609E5E6FDD}.Ad-Hoc|ARM.ActiveCfg = Release|Any CPU
		{D9B3A777-2594-48FD-8F01-A6609E5E6FDD}.Ad-Hoc|ARM.Build.0 = Release|Any CPU
		{D9B3A777-2594-48FD-8F01-A6609E5E6FDD}.Ad-Hoc|ARM.Deploy.0 = Release|Any CPU
		{D9B3A777-2594-48FD-8F01-A6609E5E6FDD}.Ad-Hoc|iPhone.ActiveCfg = Release|Any CPU
		{D9B3A777-2594-48FD-8F01-A6609E5E6FDD}.Ad-Hoc|iPhone.Build.0 = Release|Any CPU
		{D9B3A777-2594-48FD-8F01-A6609E5E6FDD}.Ad-Hoc|iPhone.Deploy.0 = Release|Any CPU
		{D9B3A777-2594-48FD-8F01-A6609E5E6FDD}.Ad-Hoc|iPhoneSimulator.ActiveCfg = Release|Any CPU
		{D9B3A777-2594-48FD-8F01-A6609E5E6FDD}.Ad-Hoc|iPhoneSimulator.Build.0 = Release|Any CPU
		{D9B3A777-2594-48FD-8F01-A6609E5E6FDD}.Ad-Hoc|iPhoneSimulator.Deploy.0 = Release|Any CPU
		{D9B3A777-2594-48FD-8F01-A6609E5E6FDD}.Ad-Hoc|x64.ActiveCfg = Release|Any CPU
		{D9B3A777-2594-48FD-8F01-A6609E5E6FDD}.Ad-Hoc|x64.Build.0 = Release|Any CPU
		{D9B3A777-2594-48FD-8F01-A6609E5E6FDD}.Ad-Hoc|x64.Deploy.0 = Release|Any CPU
		{D9B3A777-2594-48FD-8F01-A6609E5E6FDD}.Ad-Hoc|x86.ActiveCfg = Release|Any CPU
		{D9B3A777-2594-48FD-8F01-A6609E5E6FDD}.Ad-Hoc|x86.Build.0 = Release|Any CPU
		{D9B3A777-2594-48FD-8F01-A6609E5E6FDD}.Ad-Hoc|x86.Deploy.0 = Release|Any CPU
		{D9B3A777-2594-48FD-8F01-A6609E5E6FDD}.AppStore|Any CPU.ActiveCfg = Release|Any CPU
		{D9B3A777-2594-48FD-8F01-A6609E5E6FDD}.AppStore|Any CPU.Build.0 = Release|Any CPU
		{D9B3A777-2594-48FD-8F01-A6609E5E6FDD}.AppStore|Any CPU.Deploy.0 = Release|Any CPU
		{D9B3A777-2594-48FD-8F01-A6609E5E6FDD}.AppStore|ARM.ActiveCfg = Release|Any CPU
		{D9B3A777-2594-48FD-8F01-A6609E5E6FDD}.AppStore|ARM.Build.0 = Release|Any CPU
		{D9B3A777-2594-48FD-8F01-A6609E5E6FDD}.AppStore|ARM.Deploy.0 = Release|Any CPU
		{D9B3A777-2594-48FD-8F01-A6609E5E6FDD}.AppStore|iPhone.ActiveCfg = Release|Any CPU
		{D9B3A777-2594-48FD-8F01-A6609E5E6FDD}.AppStore|iPhone.Build.0 = Release|Any CPU
		{D9B3A777-2594-48FD-8F01-A6609E5E6FDD}.AppStore|iPhone.Deploy.0 = Release|Any CPU
		{D9B3A777-2594-48FD-8F01-A6609E5E6FDD}.AppStore|iPhoneSimulator.ActiveCfg = Release|Any CPU
		{D9B3A777-2594-48FD-8F01-A6609E5E6FDD}.AppStore|iPhoneSimulator.Build.0 = Release|Any CPU
		{D9B3A777-2594-48FD-8F01-A6609E5E6FDD}.AppStore|iPhoneSimulator.Deploy.0 = Release|Any CPU
		{D9B3A777-2594-48FD-8F01-A6609E5E6FDD}.AppStore|x64.ActiveCfg = Release|Any CPU
		{D9B3A777-2594-48FD-8F01-A6609E5E6FDD}.AppStore|x64.Build.0 = Release|Any CPU
		{D9B3A777-2594-48FD-8F01-A6609E5E6FDD}.AppStore|x64.Deploy.0 = Release|Any CPU
		{D9B3A777-2594-48FD-8F01-A6609E5E6FDD}.AppStore|x86.ActiveCfg = Release|Any CPU
		{D9B3A777-2594-48FD-8F01-A6609E5E6FDD}.AppStore|x86.Build.0 = Release|Any CPU
		{D9B3A777-2594-48FD-8F01-A6609E5E6FDD}.AppStore|x86.Deploy.0 = Release|Any CPU
		{D9B3A777-2594-48FD-8F01-A6609E5E6FDD}.Debug|Any CPU.ActiveCfg = Debug|Any CPU
		{D9B3A777-2594-48FD-8F01-A6609E5E6FDD}.Debug|Any CPU.Build.0 = Debug|Any CPU
		{D9B3A777-2594-48FD-8F01-A6609E5E6FDD}.Debug|Any CPU.Deploy.0 = Debug|Any CPU
		{D9B3A777-2594-48FD-8F01-A6609E5E6FDD}.Debug|ARM.ActiveCfg = Debug|Any CPU
		{D9B3A777-2594-48FD-8F01-A6609E5E6FDD}.Debug|ARM.Build.0 = Debug|Any CPU
		{D9B3A777-2594-48FD-8F01-A6609E5E6FDD}.Debug|ARM.Deploy.0 = Debug|Any CPU
		{D9B3A777-2594-48FD-8F01-A6609E5E6FDD}.Debug|iPhone.ActiveCfg = Debug|Any CPU
		{D9B3A777-2594-48FD-8F01-A6609E5E6FDD}.Debug|iPhone.Build.0 = Debug|Any CPU
		{D9B3A777-2594-48FD-8F01-A6609E5E6FDD}.Debug|iPhone.Deploy.0 = Debug|Any CPU
		{D9B3A777-2594-48FD-8F01-A6609E5E6FDD}.Debug|iPhoneSimulator.ActiveCfg = Debug|Any CPU
		{D9B3A777-2594-48FD-8F01-A6609E5E6FDD}.Debug|iPhoneSimulator.Build.0 = Debug|Any CPU
		{D9B3A777-2594-48FD-8F01-A6609E5E6FDD}.Debug|iPhoneSimulator.Deploy.0 = Debug|Any CPU
		{D9B3A777-2594-48FD-8F01-A6609E5E6FDD}.Debug|x64.ActiveCfg = Debug|Any CPU
		{D9B3A777-2594-48FD-8F01-A6609E5E6FDD}.Debug|x64.Build.0 = Debug|Any CPU
		{D9B3A777-2594-48FD-8F01-A6609E5E6FDD}.Debug|x64.Deploy.0 = Debug|Any CPU
		{D9B3A777-2594-48FD-8F01-A6609E5E6FDD}.Debug|x86.ActiveCfg = Debug|Any CPU
		{D9B3A777-2594-48FD-8F01-A6609E5E6FDD}.Debug|x86.Build.0 = Debug|Any CPU
		{D9B3A777-2594-48FD-8F01-A6609E5E6FDD}.Debug|x86.Deploy.0 = Debug|Any CPU
		{D9B3A777-2594-48FD-8F01-A6609E5E6FDD}.Release|Any CPU.ActiveCfg = Release|Any CPU
		{D9B3A777-2594-48FD-8F01-A6609E5E6FDD}.Release|Any CPU.Build.0 = Release|Any CPU
		{D9B3A777-2594-48FD-8F01-A6609E5E6FDD}.Release|Any CPU.Deploy.0 = Release|Any CPU
		{D9B3A777-2594-48FD-8F01-A6609E5E6FDD}.Release|ARM.ActiveCfg = Release|Any CPU
		{D9B3A777-2594-48FD-8F01-A6609E5E6FDD}.Release|ARM.Build.0 = Release|Any CPU
		{D9B3A777-2594-48FD-8F01-A6609E5E6FDD}.Release|ARM.Deploy.0 = Release|Any CPU
		{D9B3A777-2594-48FD-8F01-A6609E5E6FDD}.Release|iPhone.ActiveCfg = Release|Any CPU
		{D9B3A777-2594-48FD-8F01-A6609E5E6FDD}.Release|iPhone.Build.0 = Release|Any CPU
		{D9B3A777-2594-48FD-8F01-A6609E5E6FDD}.Release|iPhone.Deploy.0 = Release|Any CPU
		{D9B3A777-2594-48FD-8F01-A6609E5E6FDD}.Release|iPhoneSimulator.ActiveCfg = Release|Any CPU
		{D9B3A777-2594-48FD-8F01-A6609E5E6FDD}.Release|iPhoneSimulator.Build.0 = Release|Any CPU
		{D9B3A777-2594-48FD-8F01-A6609E5E6FDD}.Release|iPhoneSimulator.Deploy.0 = Release|Any CPU
		{D9B3A777-2594-48FD-8F01-A6609E5E6FDD}.Release|x64.ActiveCfg = Release|Any CPU
		{D9B3A777-2594-48FD-8F01-A6609E5E6FDD}.Release|x64.Build.0 = Release|Any CPU
		{D9B3A777-2594-48FD-8F01-A6609E5E6FDD}.Release|x64.Deploy.0 = Release|Any CPU
		{D9B3A777-2594-48FD-8F01-A6609E5E6FDD}.Release|x86.ActiveCfg = Release|Any CPU
		{D9B3A777-2594-48FD-8F01-A6609E5E6FDD}.Release|x86.Build.0 = Release|Any CPU
		{D9B3A777-2594-48FD-8F01-A6609E5E6FDD}.Release|x86.Deploy.0 = Release|Any CPU
		{79CF6B84-C229-4267-BF78-F61825B99BE1}.Ad-Hoc|Any CPU.ActiveCfg = Ad-Hoc|iPhone
		{79CF6B84-C229-4267-BF78-F61825B99BE1}.Ad-Hoc|ARM.ActiveCfg = Ad-Hoc|iPhone
		{79CF6B84-C229-4267-BF78-F61825B99BE1}.Ad-Hoc|iPhone.ActiveCfg = Ad-Hoc|iPhone
		{79CF6B84-C229-4267-BF78-F61825B99BE1}.Ad-Hoc|iPhone.Build.0 = Ad-Hoc|iPhone
		{79CF6B84-C229-4267-BF78-F61825B99BE1}.Ad-Hoc|iPhoneSimulator.ActiveCfg = Ad-Hoc|iPhoneSimulator
		{79CF6B84-C229-4267-BF78-F61825B99BE1}.Ad-Hoc|iPhoneSimulator.Build.0 = Ad-Hoc|iPhoneSimulator
		{79CF6B84-C229-4267-BF78-F61825B99BE1}.Ad-Hoc|x64.ActiveCfg = Ad-Hoc|iPhone
		{79CF6B84-C229-4267-BF78-F61825B99BE1}.Ad-Hoc|x86.ActiveCfg = Ad-Hoc|iPhone
		{79CF6B84-C229-4267-BF78-F61825B99BE1}.AppStore|Any CPU.ActiveCfg = AppStore|iPhone
		{79CF6B84-C229-4267-BF78-F61825B99BE1}.AppStore|ARM.ActiveCfg = AppStore|iPhone
		{79CF6B84-C229-4267-BF78-F61825B99BE1}.AppStore|iPhone.ActiveCfg = AppStore|iPhone
		{79CF6B84-C229-4267-BF78-F61825B99BE1}.AppStore|iPhone.Build.0 = AppStore|iPhone
		{79CF6B84-C229-4267-BF78-F61825B99BE1}.AppStore|iPhoneSimulator.ActiveCfg = AppStore|iPhoneSimulator
		{79CF6B84-C229-4267-BF78-F61825B99BE1}.AppStore|iPhoneSimulator.Build.0 = AppStore|iPhoneSimulator
		{79CF6B84-C229-4267-BF78-F61825B99BE1}.AppStore|x64.ActiveCfg = AppStore|iPhone
		{79CF6B84-C229-4267-BF78-F61825B99BE1}.AppStore|x86.ActiveCfg = AppStore|iPhone
		{79CF6B84-C229-4267-BF78-F61825B99BE1}.Debug|Any CPU.ActiveCfg = Debug|iPhone
		{79CF6B84-C229-4267-BF78-F61825B99BE1}.Debug|ARM.ActiveCfg = Debug|iPhone
		{79CF6B84-C229-4267-BF78-F61825B99BE1}.Debug|iPhone.ActiveCfg = Debug|iPhone
		{79CF6B84-C229-4267-BF78-F61825B99BE1}.Debug|iPhone.Build.0 = Debug|iPhone
		{79CF6B84-C229-4267-BF78-F61825B99BE1}.Debug|iPhoneSimulator.ActiveCfg = Debug|iPhoneSimulator
		{79CF6B84-C229-4267-BF78-F61825B99BE1}.Debug|iPhoneSimulator.Build.0 = Debug|iPhoneSimulator
		{79CF6B84-C229-4267-BF78-F61825B99BE1}.Debug|x64.ActiveCfg = Debug|iPhone
		{79CF6B84-C229-4267-BF78-F61825B99BE1}.Debug|x86.ActiveCfg = Debug|iPhone
		{79CF6B84-C229-4267-BF78-F61825B99BE1}.Release|Any CPU.ActiveCfg = Release|iPhone
		{79CF6B84-C229-4267-BF78-F61825B99BE1}.Release|ARM.ActiveCfg = Release|iPhone
		{79CF6B84-C229-4267-BF78-F61825B99BE1}.Release|iPhone.ActiveCfg = Release|iPhone
		{79CF6B84-C229-4267-BF78-F61825B99BE1}.Release|iPhone.Build.0 = Release|iPhone
		{79CF6B84-C229-4267-BF78-F61825B99BE1}.Release|iPhoneSimulator.ActiveCfg = Release|iPhoneSimulator
		{79CF6B84-C229-4267-BF78-F61825B99BE1}.Release|iPhoneSimulator.Build.0 = Release|iPhoneSimulator
		{79CF6B84-C229-4267-BF78-F61825B99BE1}.Release|x64.ActiveCfg = Release|iPhone
		{79CF6B84-C229-4267-BF78-F61825B99BE1}.Release|x86.ActiveCfg = Release|iPhone
		{112C97BB-E8B4-40F4-8564-5B74B4664ECB}.Ad-Hoc|Any CPU.ActiveCfg = Release|x86
		{112C97BB-E8B4-40F4-8564-5B74B4664ECB}.Ad-Hoc|Any CPU.Build.0 = Release|x86
		{112C97BB-E8B4-40F4-8564-5B74B4664ECB}.Ad-Hoc|Any CPU.Deploy.0 = Release|x86
		{112C97BB-E8B4-40F4-8564-5B74B4664ECB}.Ad-Hoc|ARM.ActiveCfg = Release|ARM
		{112C97BB-E8B4-40F4-8564-5B74B4664ECB}.Ad-Hoc|ARM.Build.0 = Release|ARM
		{112C97BB-E8B4-40F4-8564-5B74B4664ECB}.Ad-Hoc|ARM.Deploy.0 = Release|ARM
		{112C97BB-E8B4-40F4-8564-5B74B4664ECB}.Ad-Hoc|iPhone.ActiveCfg = Release|x86
		{112C97BB-E8B4-40F4-8564-5B74B4664ECB}.Ad-Hoc|iPhone.Build.0 = Release|x86
		{112C97BB-E8B4-40F4-8564-5B74B4664ECB}.Ad-Hoc|iPhone.Deploy.0 = Release|x86
		{112C97BB-E8B4-40F4-8564-5B74B4664ECB}.Ad-Hoc|iPhoneSimulator.ActiveCfg = Release|x86
		{112C97BB-E8B4-40F4-8564-5B74B4664ECB}.Ad-Hoc|iPhoneSimulator.Build.0 = Release|x86
		{112C97BB-E8B4-40F4-8564-5B74B4664ECB}.Ad-Hoc|iPhoneSimulator.Deploy.0 = Release|x86
		{112C97BB-E8B4-40F4-8564-5B74B4664ECB}.Ad-Hoc|x64.ActiveCfg = Release|x64
		{112C97BB-E8B4-40F4-8564-5B74B4664ECB}.Ad-Hoc|x64.Build.0 = Release|x64
		{112C97BB-E8B4-40F4-8564-5B74B4664ECB}.Ad-Hoc|x64.Deploy.0 = Release|x64
		{112C97BB-E8B4-40F4-8564-5B74B4664ECB}.Ad-Hoc|x86.ActiveCfg = Release|x86
		{112C97BB-E8B4-40F4-8564-5B74B4664ECB}.Ad-Hoc|x86.Build.0 = Release|x86
		{112C97BB-E8B4-40F4-8564-5B74B4664ECB}.Ad-Hoc|x86.Deploy.0 = Release|x86
		{112C97BB-E8B4-40F4-8564-5B74B4664ECB}.AppStore|Any CPU.ActiveCfg = Release|x86
		{112C97BB-E8B4-40F4-8564-5B74B4664ECB}.AppStore|Any CPU.Build.0 = Release|x86
		{112C97BB-E8B4-40F4-8564-5B74B4664ECB}.AppStore|Any CPU.Deploy.0 = Release|x86
		{112C97BB-E8B4-40F4-8564-5B74B4664ECB}.AppStore|ARM.ActiveCfg = Release|ARM
		{112C97BB-E8B4-40F4-8564-5B74B4664ECB}.AppStore|ARM.Build.0 = Release|ARM
		{112C97BB-E8B4-40F4-8564-5B74B4664ECB}.AppStore|ARM.Deploy.0 = Release|ARM
		{112C97BB-E8B4-40F4-8564-5B74B4664ECB}.AppStore|iPhone.ActiveCfg = Release|x86
		{112C97BB-E8B4-40F4-8564-5B74B4664ECB}.AppStore|iPhone.Build.0 = Release|x86
		{112C97BB-E8B4-40F4-8564-5B74B4664ECB}.AppStore|iPhone.Deploy.0 = Release|x86
		{112C97BB-E8B4-40F4-8564-5B74B4664ECB}.AppStore|iPhoneSimulator.ActiveCfg = Release|x86
		{112C97BB-E8B4-40F4-8564-5B74B4664ECB}.AppStore|iPhoneSimulator.Build.0 = Release|x86
		{112C97BB-E8B4-40F4-8564-5B74B4664ECB}.AppStore|iPhoneSimulator.Deploy.0 = Release|x86
		{112C97BB-E8B4-40F4-8564-5B74B4664ECB}.AppStore|x64.ActiveCfg = Release|x64
		{112C97BB-E8B4-40F4-8564-5B74B4664ECB}.AppStore|x64.Build.0 = Release|x64
		{112C97BB-E8B4-40F4-8564-5B74B4664ECB}.AppStore|x64.Deploy.0 = Release|x64
		{112C97BB-E8B4-40F4-8564-5B74B4664ECB}.AppStore|x86.ActiveCfg = Release|x86
		{112C97BB-E8B4-40F4-8564-5B74B4664ECB}.AppStore|x86.Build.0 = Release|x86
		{112C97BB-E8B4-40F4-8564-5B74B4664ECB}.AppStore|x86.Deploy.0 = Release|x86
		{112C97BB-E8B4-40F4-8564-5B74B4664ECB}.Debug|Any CPU.ActiveCfg = Debug|x86
		{112C97BB-E8B4-40F4-8564-5B74B4664ECB}.Debug|ARM.ActiveCfg = Debug|ARM
		{112C97BB-E8B4-40F4-8564-5B74B4664ECB}.Debug|ARM.Build.0 = Debug|ARM
		{112C97BB-E8B4-40F4-8564-5B74B4664ECB}.Debug|ARM.Deploy.0 = Debug|ARM
		{112C97BB-E8B4-40F4-8564-5B74B4664ECB}.Debug|iPhone.ActiveCfg = Debug|x86
		{112C97BB-E8B4-40F4-8564-5B74B4664ECB}.Debug|iPhoneSimulator.ActiveCfg = Debug|x86
		{112C97BB-E8B4-40F4-8564-5B74B4664ECB}.Debug|x64.ActiveCfg = Debug|x64
		{112C97BB-E8B4-40F4-8564-5B74B4664ECB}.Debug|x64.Build.0 = Debug|x64
		{112C97BB-E8B4-40F4-8564-5B74B4664ECB}.Debug|x64.Deploy.0 = Debug|x64
		{112C97BB-E8B4-40F4-8564-5B74B4664ECB}.Debug|x86.ActiveCfg = Debug|x86
		{112C97BB-E8B4-40F4-8564-5B74B4664ECB}.Debug|x86.Build.0 = Debug|x86
		{112C97BB-E8B4-40F4-8564-5B74B4664ECB}.Debug|x86.Deploy.0 = Debug|x86
		{112C97BB-E8B4-40F4-8564-5B74B4664ECB}.Release|Any CPU.ActiveCfg = Release|x86
		{112C97BB-E8B4-40F4-8564-5B74B4664ECB}.Release|ARM.ActiveCfg = Release|ARM
		{112C97BB-E8B4-40F4-8564-5B74B4664ECB}.Release|ARM.Build.0 = Release|ARM
		{112C97BB-E8B4-40F4-8564-5B74B4664ECB}.Release|ARM.Deploy.0 = Release|ARM
		{112C97BB-E8B4-40F4-8564-5B74B4664ECB}.Release|iPhone.ActiveCfg = Release|x86
		{112C97BB-E8B4-40F4-8564-5B74B4664ECB}.Release|iPhoneSimulator.ActiveCfg = Release|x86
		{112C97BB-E8B4-40F4-8564-5B74B4664ECB}.Release|x64.ActiveCfg = Release|x64
		{112C97BB-E8B4-40F4-8564-5B74B4664ECB}.Release|x64.Build.0 = Release|x64
		{112C97BB-E8B4-40F4-8564-5B74B4664ECB}.Release|x64.Deploy.0 = Release|x64
		{112C97BB-E8B4-40F4-8564-5B74B4664ECB}.Release|x86.ActiveCfg = Release|x86
		{112C97BB-E8B4-40F4-8564-5B74B4664ECB}.Release|x86.Build.0 = Release|x86
		{112C97BB-E8B4-40F4-8564-5B74B4664ECB}.Release|x86.Deploy.0 = Release|x86
	EndGlobalSection
	GlobalSection(SolutionProperties) = preSolution
		HideSolutionNode = FALSE
	EndGlobalSection
	GlobalSection(ExtensibilityGlobals) = postSolution
		SolutionGuid = {6B5901CE-9A39-4C17-91B8-2324B887C6E2}
	EndGlobalSection
EndGlobal
